// !$*UTF8*$!
{
	archiveVersion = 1;
	classes = {
	};
	objectVersion = 46;
	objects = {

/* Begin PBXBuildFile section */
		102933AC1B3D613500758059 /* main.m in Sources */ = {isa = PBXBuildFile; fileRef = 102933AB1B3D613500758059 /* main.m */; };
		102933AF1B3D613500758059 /* AppDelegate.m in Sources */ = {isa = PBXBuildFile; fileRef = 102933AE1B3D613500758059 /* AppDelegate.m */; };
		102933B21B3D613500758059 /* MainViewController.m in Sources */ = {isa = PBXBuildFile; fileRef = 102933B11B3D613500758059 /* MainViewController.m */; };
		102933B51B3D613500758059 /* ForumViewController.m in Sources */ = {isa = PBXBuildFile; fileRef = 102933B41B3D613500758059 /* ForumViewController.m */; };
		102933B81B3D613500758059 /* Main.storyboard in Resources */ = {isa = PBXBuildFile; fileRef = 102933B61B3D613500758059 /* Main.storyboard */; };
		102933BA1B3D613500758059 /* Images.xcassets in Resources */ = {isa = PBXBuildFile; fileRef = 102933B91B3D613500758059 /* Images.xcassets */; };
		102933BD1B3D613500758059 /* LaunchScreen.xib in Resources */ = {isa = PBXBuildFile; fileRef = 102933BB1B3D613500758059 /* LaunchScreen.xib */; };
		102933C91B3D613500758059 /* HCPSalesAidTests.m in Sources */ = {isa = PBXBuildFile; fileRef = 102933C81B3D613500758059 /* HCPSalesAidTests.m */; };
		102933D81B3D6B4100758059 /* AssetDataObject.m in Sources */ = {isa = PBXBuildFile; fileRef = 102933D71B3D6B4100758059 /* AssetDataObject.m */; };
		102933DB1B3D89F800758059 /* AssetRetriever.m in Sources */ = {isa = PBXBuildFile; fileRef = 102933DA1B3D89F800758059 /* AssetRetriever.m */; };
		102933DE1B3EC94100758059 /* Utilities.m in Sources */ = {isa = PBXBuildFile; fileRef = 102933DD1B3EC94100758059 /* Utilities.m */; };
		104A9C701B4ABC0900886E51 /* completed16.png in Resources */ = {isa = PBXBuildFile; fileRef = 104A9C6D1B4ABC0900886E51 /* completed16.png */; };
		104A9C711B4ABC0900886E51 /* completed16@2x.png in Resources */ = {isa = PBXBuildFile; fileRef = 104A9C6E1B4ABC0900886E51 /* completed16@2x.png */; };
		104A9C721B4ABC0900886E51 /* completed16@3x.png in Resources */ = {isa = PBXBuildFile; fileRef = 104A9C6F1B4ABC0900886E51 /* completed16@3x.png */; };
		104A9C761B4ABC2000886E51 /* inprogress16.png in Resources */ = {isa = PBXBuildFile; fileRef = 104A9C731B4ABC2000886E51 /* inprogress16.png */; };
		104A9C771B4ABC2000886E51 /* inprogress16@2x.png in Resources */ = {isa = PBXBuildFile; fileRef = 104A9C741B4ABC2000886E51 /* inprogress16@2x.png */; };
		104A9C781B4ABC2000886E51 /* inprogress16@3x.png in Resources */ = {isa = PBXBuildFile; fileRef = 104A9C751B4ABC2000886E51 /* inprogress16@3x.png */; };
		104A9C7C1B4ABC3500886E51 /* notstarted16.png in Resources */ = {isa = PBXBuildFile; fileRef = 104A9C791B4ABC3500886E51 /* notstarted16.png */; };
		104A9C7D1B4ABC3500886E51 /* notstarted16@2x.png in Resources */ = {isa = PBXBuildFile; fileRef = 104A9C7A1B4ABC3500886E51 /* notstarted16@2x.png */; };
		104A9C7E1B4ABC3500886E51 /* notstarted16@3x.png in Resources */ = {isa = PBXBuildFile; fileRef = 104A9C7B1B4ABC3500886E51 /* notstarted16@3x.png */; };
		104A9C991B4BCC5500886E51 /* AssetsCollectionView.h in Sources */ = {isa = PBXBuildFile; fileRef = 104A9C981B4BCC5500886E51 /* AssetsCollectionView.h */; };
		104A9C9C1B4BE20A00886E51 /* FavoritesCollectionView.m in Sources */ = {isa = PBXBuildFile; fileRef = 104A9C9B1B4BE20A00886E51 /* FavoritesCollectionView.m */; };
		104A9C9F1B4BE2CD00886E51 /* FavoritesCollectionHeaderView.m in Sources */ = {isa = PBXBuildFile; fileRef = 104A9C9E1B4BE2CD00886E51 /* FavoritesCollectionHeaderView.m */; };
		104A9CAE1B4BF5DF00886E51 /* Media Format-Audio@2x.png in Resources */ = {isa = PBXBuildFile; fileRef = 104A9CA61B4BF5DF00886E51 /* Media Format-Audio@2x.png */; };
		104A9CAF1B4BF5DF00886E51 /* Media Format-Audio@3x.png in Resources */ = {isa = PBXBuildFile; fileRef = 104A9CA71B4BF5DF00886E51 /* Media Format-Audio@3x.png */; };
		104A9CB01B4BF5DF00886E51 /* Media Format-Misc. Docs@2x.png in Resources */ = {isa = PBXBuildFile; fileRef = 104A9CA81B4BF5DF00886E51 /* Media Format-Misc. Docs@2x.png */; };
		104A9CB11B4BF5DF00886E51 /* Media Format-Misc. Docs@3x.png in Resources */ = {isa = PBXBuildFile; fileRef = 104A9CA91B4BF5DF00886E51 /* Media Format-Misc. Docs@3x.png */; };
		104A9CB21B4BF5DF00886E51 /* Media Format-PDF@2x.png in Resources */ = {isa = PBXBuildFile; fileRef = 104A9CAA1B4BF5DF00886E51 /* Media Format-PDF@2x.png */; };
		104A9CB31B4BF5DF00886E51 /* Media Format-PDF@3x.png in Resources */ = {isa = PBXBuildFile; fileRef = 104A9CAB1B4BF5DF00886E51 /* Media Format-PDF@3x.png */; };
		104A9CB41B4BF5DF00886E51 /* Media Format-Video@2x.png in Resources */ = {isa = PBXBuildFile; fileRef = 104A9CAC1B4BF5DF00886E51 /* Media Format-Video@2x.png */; };
		104A9CB51B4BF5DF00886E51 /* Media Format-Video@3x.png in Resources */ = {isa = PBXBuildFile; fileRef = 104A9CAD1B4BF5DF00886E51 /* Media Format-Video@3x.png */; };
		104A9CC21B4BF67600886E51 /* MetaInfo-External@2x.png in Resources */ = {isa = PBXBuildFile; fileRef = 104A9CB61B4BF67600886E51 /* MetaInfo-External@2x.png */; };
		104A9CC31B4BF67600886E51 /* MetaInfo-External@3x.png in Resources */ = {isa = PBXBuildFile; fileRef = 104A9CB71B4BF67600886E51 /* MetaInfo-External@3x.png */; };
		104A9CC41B4BF67600886E51 /* MetaInfo-FileSize@2x.png in Resources */ = {isa = PBXBuildFile; fileRef = 104A9CB81B4BF67600886E51 /* MetaInfo-FileSize@2x.png */; };
		104A9CC51B4BF67600886E51 /* MetaInfo-FileSize@3x.png in Resources */ = {isa = PBXBuildFile; fileRef = 104A9CB91B4BF67600886E51 /* MetaInfo-FileSize@3x.png */; };
		104A9CC61B4BF67600886E51 /* MetaInfo-Internal@2x.png in Resources */ = {isa = PBXBuildFile; fileRef = 104A9CBA1B4BF67600886E51 /* MetaInfo-Internal@2x.png */; };
		104A9CC71B4BF67600886E51 /* MetaInfo-Internal@3x.png in Resources */ = {isa = PBXBuildFile; fileRef = 104A9CBB1B4BF67600886E51 /* MetaInfo-Internal@3x.png */; };
		104A9CC81B4BF67600886E51 /* MetaInfo-LengthTime@2x.png in Resources */ = {isa = PBXBuildFile; fileRef = 104A9CBC1B4BF67600886E51 /* MetaInfo-LengthTime@2x.png */; };
		104A9CC91B4BF67600886E51 /* MetaInfo-LengthTime@3x.png in Resources */ = {isa = PBXBuildFile; fileRef = 104A9CBD1B4BF67600886E51 /* MetaInfo-LengthTime@3x.png */; };
		104A9CCA1B4BF67600886E51 /* MetaInfo-Pages@2x.png in Resources */ = {isa = PBXBuildFile; fileRef = 104A9CBE1B4BF67600886E51 /* MetaInfo-Pages@2x.png */; };
		104A9CCB1B4BF67600886E51 /* MetaInfo-Pages@3x.png in Resources */ = {isa = PBXBuildFile; fileRef = 104A9CBF1B4BF67600886E51 /* MetaInfo-Pages@3x.png */; };
		104A9CCC1B4BF67600886E51 /* MetaInfo-Sales Tool@2x.png in Resources */ = {isa = PBXBuildFile; fileRef = 104A9CC01B4BF67600886E51 /* MetaInfo-Sales Tool@2x.png */; };
		104A9CCD1B4BF67600886E51 /* MetaInfo-Sales Tool@3x.png in Resources */ = {isa = PBXBuildFile; fileRef = 104A9CC11B4BF67600886E51 /* MetaInfo-Sales Tool@3x.png */; };
		104A9CD21B4BF7C800886E51 /* Favourites List Icon-Add@2x.png in Resources */ = {isa = PBXBuildFile; fileRef = 104A9CCE1B4BF7C800886E51 /* Favourites List Icon-Add@2x.png */; };
		104A9CD31B4BF7C800886E51 /* Favourites List Icon-Add@3x.png in Resources */ = {isa = PBXBuildFile; fileRef = 104A9CCF1B4BF7C800886E51 /* Favourites List Icon-Add@3x.png */; };
		104A9CD41B4BF7C800886E51 /* Favourites List Icon@2x.png in Resources */ = {isa = PBXBuildFile; fileRef = 104A9CD01B4BF7C800886E51 /* Favourites List Icon@2x.png */; };
		104A9CD51B4BF7C800886E51 /* Favourites List Icon@3x.png in Resources */ = {isa = PBXBuildFile; fileRef = 104A9CD11B4BF7C800886E51 /* Favourites List Icon@3x.png */; };
		104A9CD91B4BFA9900886E51 /* trash32.png in Resources */ = {isa = PBXBuildFile; fileRef = 104A9CD61B4BFA9900886E51 /* trash32.png */; };
		104A9CDA1B4BFA9900886E51 /* trash32@2x.png in Resources */ = {isa = PBXBuildFile; fileRef = 104A9CD71B4BFA9900886E51 /* trash32@2x.png */; };
		104A9CDB1B4BFA9900886E51 /* trash32@3x.png in Resources */ = {isa = PBXBuildFile; fileRef = 104A9CD81B4BFA9900886E51 /* trash32@3x.png */; };
		1053C4541B47E2CB0062ADDA /* libz.dylib in Frameworks */ = {isa = PBXBuildFile; fileRef = 1053C4531B47E2CB0062ADDA /* libz.dylib */; };
		1053C4621B47E3660062ADDA /* ioapi.c in Sources */ = {isa = PBXBuildFile; fileRef = 1053C4581B47E3660062ADDA /* ioapi.c */; };
		1053C4631B47E3660062ADDA /* mztools.c in Sources */ = {isa = PBXBuildFile; fileRef = 1053C45A1B47E3660062ADDA /* mztools.c */; };
		1053C4641B47E3660062ADDA /* unzip.c in Sources */ = {isa = PBXBuildFile; fileRef = 1053C45C1B47E3660062ADDA /* unzip.c */; };
		1053C4651B47E3660062ADDA /* zip.c in Sources */ = {isa = PBXBuildFile; fileRef = 1053C45E1B47E3660062ADDA /* zip.c */; };
		1053C4661B47E3660062ADDA /* SSZipArchive.m in Sources */ = {isa = PBXBuildFile; fileRef = 1053C4611B47E3660062ADDA /* SSZipArchive.m */; };
		1053C4691B4818930062ADDA /* MenuViewController.m in Sources */ = {isa = PBXBuildFile; fileRef = 1053C4681B4818930062ADDA /* MenuViewController.m */; };
		105EE2E21B403DDA00F6438E /* AssetsCollectionView.m in Sources */ = {isa = PBXBuildFile; fileRef = 105EE2E11B403DDA00F6438E /* AssetsCollectionView.m */; };
		105EE2E51B403E1C00F6438E /* AssetCell.m in Sources */ = {isa = PBXBuildFile; fileRef = 105EE2E41B403E1C00F6438E /* AssetCell.m */; };
		105EE2F31B41771000F6438E /* AssetsCollectionHeaderView.m in Sources */ = {isa = PBXBuildFile; fileRef = 105EE2F21B41771000F6438E /* AssetsCollectionHeaderView.m */; };
		105EE3051B41A68700F6438E /* Reader-Button-H.png in Resources */ = {isa = PBXBuildFile; fileRef = 105EE2F51B41A68700F6438E /* Reader-Button-H.png */; };
		105EE3061B41A68700F6438E /* Reader-Button-H@2x.png in Resources */ = {isa = PBXBuildFile; fileRef = 105EE2F61B41A68700F6438E /* Reader-Button-H@2x.png */; };
		105EE3071B41A68700F6438E /* Reader-Button-N.png in Resources */ = {isa = PBXBuildFile; fileRef = 105EE2F71B41A68700F6438E /* Reader-Button-N.png */; };
		105EE3081B41A68700F6438E /* Reader-Button-N@2x.png in Resources */ = {isa = PBXBuildFile; fileRef = 105EE2F81B41A68700F6438E /* Reader-Button-N@2x.png */; };
		105EE3091B41A68700F6438E /* Reader-Email.png in Resources */ = {isa = PBXBuildFile; fileRef = 105EE2F91B41A68700F6438E /* Reader-Email.png */; };
		105EE30A1B41A68700F6438E /* Reader-Email@2x.png in Resources */ = {isa = PBXBuildFile; fileRef = 105EE2FA1B41A68700F6438E /* Reader-Email@2x.png */; };
		105EE30B1B41A68700F6438E /* Reader-Export.png in Resources */ = {isa = PBXBuildFile; fileRef = 105EE2FB1B41A68700F6438E /* Reader-Export.png */; };
		105EE30C1B41A68700F6438E /* Reader-Export@2x.png in Resources */ = {isa = PBXBuildFile; fileRef = 105EE2FC1B41A68700F6438E /* Reader-Export@2x.png */; };
		105EE30D1B41A68700F6438E /* Reader-Mark-N.png in Resources */ = {isa = PBXBuildFile; fileRef = 105EE2FD1B41A68700F6438E /* Reader-Mark-N.png */; };
		105EE30E1B41A68700F6438E /* Reader-Mark-N@2x.png in Resources */ = {isa = PBXBuildFile; fileRef = 105EE2FE1B41A68700F6438E /* Reader-Mark-N@2x.png */; };
		105EE30F1B41A68700F6438E /* Reader-Mark-Y.png in Resources */ = {isa = PBXBuildFile; fileRef = 105EE2FF1B41A68700F6438E /* Reader-Mark-Y.png */; };
		105EE3101B41A68700F6438E /* Reader-Mark-Y@2x.png in Resources */ = {isa = PBXBuildFile; fileRef = 105EE3001B41A68700F6438E /* Reader-Mark-Y@2x.png */; };
		105EE3111B41A68700F6438E /* Reader-Print.png in Resources */ = {isa = PBXBuildFile; fileRef = 105EE3011B41A68700F6438E /* Reader-Print.png */; };
		105EE3121B41A68700F6438E /* Reader-Print@2x.png in Resources */ = {isa = PBXBuildFile; fileRef = 105EE3021B41A68700F6438E /* Reader-Print@2x.png */; };
		105EE3131B41A68700F6438E /* Reader-Thumbs.png in Resources */ = {isa = PBXBuildFile; fileRef = 105EE3031B41A68700F6438E /* Reader-Thumbs.png */; };
		105EE3141B41A68700F6438E /* Reader-Thumbs@2x.png in Resources */ = {isa = PBXBuildFile; fileRef = 105EE3041B41A68700F6438E /* Reader-Thumbs@2x.png */; };
		105EE33D1B41A69B00F6438E /* CGPDFDocument.m in Sources */ = {isa = PBXBuildFile; fileRef = 105EE3161B41A69B00F6438E /* CGPDFDocument.m */; };
		105EE33E1B41A69B00F6438E /* ReaderConstants.m in Sources */ = {isa = PBXBuildFile; fileRef = 105EE3181B41A69B00F6438E /* ReaderConstants.m */; };
		105EE33F1B41A69B00F6438E /* ReaderContentPage.m in Sources */ = {isa = PBXBuildFile; fileRef = 105EE31A1B41A69B00F6438E /* ReaderContentPage.m */; };
		105EE3401B41A69B00F6438E /* ReaderContentTile.m in Sources */ = {isa = PBXBuildFile; fileRef = 105EE31C1B41A69B00F6438E /* ReaderContentTile.m */; };
		105EE3411B41A69B00F6438E /* ReaderContentView.m in Sources */ = {isa = PBXBuildFile; fileRef = 105EE31E1B41A69B00F6438E /* ReaderContentView.m */; };
		105EE3421B41A69B00F6438E /* ReaderDocument.m in Sources */ = {isa = PBXBuildFile; fileRef = 105EE3201B41A69B00F6438E /* ReaderDocument.m */; };
		105EE3431B41A69B00F6438E /* ReaderDocumentOutline.m in Sources */ = {isa = PBXBuildFile; fileRef = 105EE3221B41A69B00F6438E /* ReaderDocumentOutline.m */; };
		105EE3441B41A69B00F6438E /* ReaderMainPagebar.m in Sources */ = {isa = PBXBuildFile; fileRef = 105EE3241B41A69B00F6438E /* ReaderMainPagebar.m */; };
		105EE3451B41A69B00F6438E /* ReaderMainToolbar.m in Sources */ = {isa = PBXBuildFile; fileRef = 105EE3261B41A69B00F6438E /* ReaderMainToolbar.m */; };
		105EE3461B41A69B00F6438E /* ReaderThumbCache.m in Sources */ = {isa = PBXBuildFile; fileRef = 105EE3281B41A69B00F6438E /* ReaderThumbCache.m */; };
		105EE3471B41A69B00F6438E /* ReaderThumbFetch.m in Sources */ = {isa = PBXBuildFile; fileRef = 105EE32A1B41A69B00F6438E /* ReaderThumbFetch.m */; };
		105EE3481B41A69B00F6438E /* ReaderThumbQueue.m in Sources */ = {isa = PBXBuildFile; fileRef = 105EE32C1B41A69B00F6438E /* ReaderThumbQueue.m */; };
		105EE3491B41A69B00F6438E /* ReaderThumbRender.m in Sources */ = {isa = PBXBuildFile; fileRef = 105EE32E1B41A69B00F6438E /* ReaderThumbRender.m */; };
		105EE34A1B41A69B00F6438E /* ReaderThumbRequest.m in Sources */ = {isa = PBXBuildFile; fileRef = 105EE3301B41A69B00F6438E /* ReaderThumbRequest.m */; };
		105EE34B1B41A69B00F6438E /* ReaderThumbsView.m in Sources */ = {isa = PBXBuildFile; fileRef = 105EE3321B41A69B00F6438E /* ReaderThumbsView.m */; };
		105EE34C1B41A69B00F6438E /* ReaderThumbView.m in Sources */ = {isa = PBXBuildFile; fileRef = 105EE3341B41A69B00F6438E /* ReaderThumbView.m */; };
		105EE34D1B41A69B00F6438E /* ReaderViewController.m in Sources */ = {isa = PBXBuildFile; fileRef = 105EE3361B41A69B00F6438E /* ReaderViewController.m */; };
		105EE34E1B41A69B00F6438E /* ThumbsMainToolbar.m in Sources */ = {isa = PBXBuildFile; fileRef = 105EE3381B41A69B00F6438E /* ThumbsMainToolbar.m */; };
		105EE34F1B41A69B00F6438E /* ThumbsViewController.m in Sources */ = {isa = PBXBuildFile; fileRef = 105EE33A1B41A69B00F6438E /* ThumbsViewController.m */; };
		105EE3501B41A69B00F6438E /* UIXToolbarView.m in Sources */ = {isa = PBXBuildFile; fileRef = 105EE33C1B41A69B00F6438E /* UIXToolbarView.m */; };
		105EE3521B41A6C600F6438E /* Localizable.strings in Resources */ = {isa = PBXBuildFile; fileRef = 105EE3511B41A6C600F6438E /* Localizable.strings */; };
		105EE3551B42DE6100F6438E /* ListStructureObject.m in Sources */ = {isa = PBXBuildFile; fileRef = 105EE3541B42DE6100F6438E /* ListStructureObject.m */; };
		1065EDC11B4525FB00B5F92F /* search_30x30.png in Resources */ = {isa = PBXBuildFile; fileRef = 1065EDBF1B4525FB00B5F92F /* search_30x30.png */; };
		1065EDC21B4525FB00B5F92F /* search_30x30@2x.png in Resources */ = {isa = PBXBuildFile; fileRef = 1065EDC01B4525FB00B5F92F /* search_30x30@2x.png */; };
		1065EDC71B452FEF00B5F92F /* SearchViewController.m in Sources */ = {isa = PBXBuildFile; fileRef = 1065EDC61B452FEF00B5F92F /* SearchViewController.m */; };
		1094F1081B4C3A11008C3DDA /* TabBar-Favorites@2x.png in Resources */ = {isa = PBXBuildFile; fileRef = 1094F1001B4C3A11008C3DDA /* TabBar-Favorites@2x.png */; };
		1094F1091B4C3A11008C3DDA /* TabBar-Favorites@3x.png in Resources */ = {isa = PBXBuildFile; fileRef = 1094F1011B4C3A11008C3DDA /* TabBar-Favorites@3x.png */; };
		1094F10A1B4C3A11008C3DDA /* TabBar-Forums@2x.png in Resources */ = {isa = PBXBuildFile; fileRef = 1094F1021B4C3A11008C3DDA /* TabBar-Forums@2x.png */; };
		1094F10B1B4C3A11008C3DDA /* TabBar-Forums@3x.png in Resources */ = {isa = PBXBuildFile; fileRef = 1094F1031B4C3A11008C3DDA /* TabBar-Forums@3x.png */; };
		1094F10C1B4C3A11008C3DDA /* TabBar-Home@2x.png in Resources */ = {isa = PBXBuildFile; fileRef = 1094F1041B4C3A11008C3DDA /* TabBar-Home@2x.png */; };
		1094F10D1B4C3A11008C3DDA /* TabBar-Home@3x.png in Resources */ = {isa = PBXBuildFile; fileRef = 1094F1051B4C3A11008C3DDA /* TabBar-Home@3x.png */; };
		1094F10E1B4C3A11008C3DDA /* TabBar-Menu@2x.png in Resources */ = {isa = PBXBuildFile; fileRef = 1094F1061B4C3A11008C3DDA /* TabBar-Menu@2x.png */; };
		1094F10F1B4C3A11008C3DDA /* TabBar-Menu@3x.png in Resources */ = {isa = PBXBuildFile; fileRef = 1094F1071B4C3A11008C3DDA /* TabBar-Menu@3x.png */; };
		1094F1121B4CFDAB008C3DDA /* 60-iPhone@2x.png in Resources */ = {isa = PBXBuildFile; fileRef = 1094F1101B4CFDAB008C3DDA /* 60-iPhone@2x.png */; };
		1094F1131B4CFDAB008C3DDA /* 60-iPhone@3x.png in Resources */ = {isa = PBXBuildFile; fileRef = 1094F1111B4CFDAB008C3DDA /* 60-iPhone@3x.png */; };
		1094F1161B4CFDED008C3DDA /* iPad-76@1x@2x.png in Resources */ = {isa = PBXBuildFile; fileRef = 1094F1141B4CFDED008C3DDA /* iPad-76@1x@2x.png */; };
		1094F1171B4CFDED008C3DDA /* iPad-76@1x@3x.png in Resources */ = {isa = PBXBuildFile; fileRef = 1094F1151B4CFDED008C3DDA /* iPad-76@1x@3x.png */; };
		10AA6BAB1B43E0D50058179E /* ListToggleButton.m in Sources */ = {isa = PBXBuildFile; fileRef = 10AA6BAA1B43E0D50058179E /* ListToggleButton.m */; };
		10AA6BAE1B4411760058179E /* AssetsCollectionFooterView.m in Sources */ = {isa = PBXBuildFile; fileRef = 10AA6BAD1B4411760058179E /* AssetsCollectionFooterView.m */; };
		10DBDC8B1B4A8DF500EF6AB2 /* UIButtonBarArrowDown.png in Resources */ = {isa = PBXBuildFile; fileRef = 10DBDC871B4A8DF500EF6AB2 /* UIButtonBarArrowDown.png */; };
		10DBDC8C1B4A8DF500EF6AB2 /* UIButtonBarArrowDown@2x.png in Resources */ = {isa = PBXBuildFile; fileRef = 10DBDC881B4A8DF500EF6AB2 /* UIButtonBarArrowDown@2x.png */; };
		10DBDC8D1B4A8DF500EF6AB2 /* UIButtonBarArrowRight.png in Resources */ = {isa = PBXBuildFile; fileRef = 10DBDC891B4A8DF500EF6AB2 /* UIButtonBarArrowRight.png */; };
		10DBDC8E1B4A8DF500EF6AB2 /* UIButtonBarArrowRight@2x.png in Resources */ = {isa = PBXBuildFile; fileRef = 10DBDC8A1B4A8DF500EF6AB2 /* UIButtonBarArrowRight@2x.png */; };
		10E8B0DB1B4533B50010EC8B /* logo_sap.png in Resources */ = {isa = PBXBuildFile; fileRef = 10E8B0DA1B4533B50010EC8B /* logo_sap.png */; };
		10E8B0DF1B4550BD0010EC8B /* SeachCollectionView.m in Sources */ = {isa = PBXBuildFile; fileRef = 10E8B0DE1B4550BD0010EC8B /* SeachCollectionView.m */; };
		10E8B0E21B4560CD0010EC8B /* FavoritesViewController.m in Sources */ = {isa = PBXBuildFile; fileRef = 10E8B0E11B4560CD0010EC8B /* FavoritesViewController.m */; };
		10E8B0E51B4567B10010EC8B /* CustomMoviePlayerViewController.m in Sources */ = {isa = PBXBuildFile; fileRef = 10E8B0E41B4567B10010EC8B /* CustomMoviePlayerViewController.m */; };
		10E8B0E81B4699D50010EC8B /* UserAssetStatus.m in Sources */ = {isa = PBXBuildFile; fileRef = 10E8B0E71B4699D50010EC8B /* UserAssetStatus.m */; };
/* End PBXBuildFile section */

/* Begin PBXContainerItemProxy section */
		102933C31B3D613500758059 /* PBXContainerItemProxy */ = {
			isa = PBXContainerItemProxy;
			containerPortal = 1029339E1B3D613500758059 /* Project object */;
			proxyType = 1;
			remoteGlobalIDString = 102933A51B3D613500758059;
			remoteInfo = HCPSalesAid;
		};
/* End PBXContainerItemProxy section */

/* Begin PBXFileReference section */
		102933A61B3D613500758059 /* HCPSalesAid.app */ = {isa = PBXFileReference; explicitFileType = wrapper.application; includeInIndex = 0; path = HCPSalesAid.app; sourceTree = BUILT_PRODUCTS_DIR; };
		102933AA1B3D613500758059 /* Info.plist */ = {isa = PBXFileReference; lastKnownFileType = text.plist.xml; path = Info.plist; sourceTree = "<group>"; };
		102933AB1B3D613500758059 /* main.m */ = {isa = PBXFileReference; lastKnownFileType = sourcecode.c.objc; path = main.m; sourceTree = "<group>"; };
		102933AD1B3D613500758059 /* AppDelegate.h */ = {isa = PBXFileReference; lastKnownFileType = sourcecode.c.h; path = AppDelegate.h; sourceTree = "<group>"; };
		102933AE1B3D613500758059 /* AppDelegate.m */ = {isa = PBXFileReference; lastKnownFileType = sourcecode.c.objc; path = AppDelegate.m; sourceTree = "<group>"; };
		102933B01B3D613500758059 /* MainViewController.h */ = {isa = PBXFileReference; lastKnownFileType = sourcecode.c.h; path = MainViewController.h; sourceTree = "<group>"; };
		102933B11B3D613500758059 /* MainViewController.m */ = {isa = PBXFileReference; lastKnownFileType = sourcecode.c.objc; path = MainViewController.m; sourceTree = "<group>"; };
		102933B31B3D613500758059 /* ForumViewController.h */ = {isa = PBXFileReference; lastKnownFileType = sourcecode.c.h; path = ForumViewController.h; sourceTree = "<group>"; };
		102933B41B3D613500758059 /* ForumViewController.m */ = {isa = PBXFileReference; lastKnownFileType = sourcecode.c.objc; path = ForumViewController.m; sourceTree = "<group>"; };
		102933B71B3D613500758059 /* Base */ = {isa = PBXFileReference; lastKnownFileType = file.storyboard; name = Base; path = Base.lproj/Main.storyboard; sourceTree = "<group>"; };
		102933B91B3D613500758059 /* Images.xcassets */ = {isa = PBXFileReference; lastKnownFileType = folder.assetcatalog; path = Images.xcassets; sourceTree = "<group>"; };
		102933BC1B3D613500758059 /* Base */ = {isa = PBXFileReference; lastKnownFileType = file.xib; name = Base; path = Base.lproj/LaunchScreen.xib; sourceTree = "<group>"; };
		102933C21B3D613500758059 /* HCPSalesAidTests.xctest */ = {isa = PBXFileReference; explicitFileType = wrapper.cfbundle; includeInIndex = 0; path = HCPSalesAidTests.xctest; sourceTree = BUILT_PRODUCTS_DIR; };
		102933C71B3D613500758059 /* Info.plist */ = {isa = PBXFileReference; lastKnownFileType = text.plist.xml; path = Info.plist; sourceTree = "<group>"; };
		102933C81B3D613500758059 /* HCPSalesAidTests.m */ = {isa = PBXFileReference; lastKnownFileType = sourcecode.c.objc; path = HCPSalesAidTests.m; sourceTree = "<group>"; };
		102933D71B3D6B4100758059 /* AssetDataObject.m */ = {isa = PBXFileReference; fileEncoding = 4; lastKnownFileType = sourcecode.c.objc; path = AssetDataObject.m; sourceTree = "<group>"; };
		102933D91B3D89F800758059 /* AssetRetriever.h */ = {isa = PBXFileReference; fileEncoding = 4; lastKnownFileType = sourcecode.c.h; path = AssetRetriever.h; sourceTree = "<group>"; };
		102933DA1B3D89F800758059 /* AssetRetriever.m */ = {isa = PBXFileReference; fileEncoding = 4; lastKnownFileType = sourcecode.c.objc; path = AssetRetriever.m; sourceTree = "<group>"; };
		102933DC1B3EC94100758059 /* Utilities.h */ = {isa = PBXFileReference; fileEncoding = 4; lastKnownFileType = sourcecode.c.h; path = Utilities.h; sourceTree = "<group>"; };
		102933DD1B3EC94100758059 /* Utilities.m */ = {isa = PBXFileReference; fileEncoding = 4; lastKnownFileType = sourcecode.c.objc; path = Utilities.m; sourceTree = "<group>"; };
		104A9C6D1B4ABC0900886E51 /* completed16.png */ = {isa = PBXFileReference; lastKnownFileType = image.png; name = completed16.png; path = icons/completed16.png; sourceTree = SOURCE_ROOT; };
		104A9C6E1B4ABC0900886E51 /* completed16@2x.png */ = {isa = PBXFileReference; lastKnownFileType = image.png; name = "completed16@2x.png"; path = "icons/completed16@2x.png"; sourceTree = SOURCE_ROOT; };
		104A9C6F1B4ABC0900886E51 /* completed16@3x.png */ = {isa = PBXFileReference; lastKnownFileType = image.png; name = "completed16@3x.png"; path = "icons/completed16@3x.png"; sourceTree = SOURCE_ROOT; };
		104A9C731B4ABC2000886E51 /* inprogress16.png */ = {isa = PBXFileReference; lastKnownFileType = image.png; name = inprogress16.png; path = icons/inprogress16.png; sourceTree = SOURCE_ROOT; };
		104A9C741B4ABC2000886E51 /* inprogress16@2x.png */ = {isa = PBXFileReference; lastKnownFileType = image.png; name = "inprogress16@2x.png"; path = "icons/inprogress16@2x.png"; sourceTree = SOURCE_ROOT; };
		104A9C751B4ABC2000886E51 /* inprogress16@3x.png */ = {isa = PBXFileReference; lastKnownFileType = image.png; name = "inprogress16@3x.png"; path = "icons/inprogress16@3x.png"; sourceTree = SOURCE_ROOT; };
		104A9C791B4ABC3500886E51 /* notstarted16.png */ = {isa = PBXFileReference; lastKnownFileType = image.png; name = notstarted16.png; path = icons/notstarted16.png; sourceTree = SOURCE_ROOT; };
		104A9C7A1B4ABC3500886E51 /* notstarted16@2x.png */ = {isa = PBXFileReference; lastKnownFileType = image.png; name = "notstarted16@2x.png"; path = "icons/notstarted16@2x.png"; sourceTree = SOURCE_ROOT; };
		104A9C7B1B4ABC3500886E51 /* notstarted16@3x.png */ = {isa = PBXFileReference; lastKnownFileType = image.png; name = "notstarted16@3x.png"; path = "icons/notstarted16@3x.png"; sourceTree = SOURCE_ROOT; };
		104A9C811B4AF5A200886E51 /* AssetsCollectionDelegate.h */ = {isa = PBXFileReference; fileEncoding = 4; lastKnownFileType = sourcecode.c.h; path = AssetsCollectionDelegate.h; sourceTree = "<group>"; };
		104A9C981B4BCC5500886E51 /* AssetsCollectionView.h */ = {isa = PBXFileReference; fileEncoding = 4; lastKnownFileType = sourcecode.c.h; path = AssetsCollectionView.h; sourceTree = "<group>"; };
		104A9C9A1B4BE20A00886E51 /* FavoritesCollectionView.h */ = {isa = PBXFileReference; fileEncoding = 4; lastKnownFileType = sourcecode.c.h; path = FavoritesCollectionView.h; sourceTree = "<group>"; };
		104A9C9B1B4BE20A00886E51 /* FavoritesCollectionView.m */ = {isa = PBXFileReference; fileEncoding = 4; lastKnownFileType = sourcecode.c.objc; path = FavoritesCollectionView.m; sourceTree = "<group>"; };
		104A9C9D1B4BE2CD00886E51 /* FavoritesCollectionHeaderView.h */ = {isa = PBXFileReference; fileEncoding = 4; lastKnownFileType = sourcecode.c.h; path = FavoritesCollectionHeaderView.h; sourceTree = "<group>"; };
		104A9C9E1B4BE2CD00886E51 /* FavoritesCollectionHeaderView.m */ = {isa = PBXFileReference; fileEncoding = 4; lastKnownFileType = sourcecode.c.objc; path = FavoritesCollectionHeaderView.m; sourceTree = "<group>"; };
		104A9CA61B4BF5DF00886E51 /* Media Format-Audio@2x.png */ = {isa = PBXFileReference; lastKnownFileType = image.png; name = "Media Format-Audio@2x.png"; path = "../../../Downloads/Icons/PNG/Media Format-Audio@2x.png"; sourceTree = "<group>"; };
		104A9CA71B4BF5DF00886E51 /* Media Format-Audio@3x.png */ = {isa = PBXFileReference; lastKnownFileType = image.png; name = "Media Format-Audio@3x.png"; path = "../../../Downloads/Icons/PNG/Media Format-Audio@3x.png"; sourceTree = "<group>"; };
		104A9CA81B4BF5DF00886E51 /* Media Format-Misc. Docs@2x.png */ = {isa = PBXFileReference; lastKnownFileType = image.png; name = "Media Format-Misc. Docs@2x.png"; path = "../../../Downloads/Icons/PNG/Media Format-Misc. Docs@2x.png"; sourceTree = "<group>"; };
		104A9CA91B4BF5DF00886E51 /* Media Format-Misc. Docs@3x.png */ = {isa = PBXFileReference; lastKnownFileType = image.png; name = "Media Format-Misc. Docs@3x.png"; path = "../../../Downloads/Icons/PNG/Media Format-Misc. Docs@3x.png"; sourceTree = "<group>"; };
		104A9CAA1B4BF5DF00886E51 /* Media Format-PDF@2x.png */ = {isa = PBXFileReference; lastKnownFileType = image.png; name = "Media Format-PDF@2x.png"; path = "../../../Downloads/Icons/PNG/Media Format-PDF@2x.png"; sourceTree = "<group>"; };
		104A9CAB1B4BF5DF00886E51 /* Media Format-PDF@3x.png */ = {isa = PBXFileReference; lastKnownFileType = image.png; name = "Media Format-PDF@3x.png"; path = "../../../Downloads/Icons/PNG/Media Format-PDF@3x.png"; sourceTree = "<group>"; };
		104A9CAC1B4BF5DF00886E51 /* Media Format-Video@2x.png */ = {isa = PBXFileReference; lastKnownFileType = image.png; name = "Media Format-Video@2x.png"; path = "../../../Downloads/Icons/PNG/Media Format-Video@2x.png"; sourceTree = "<group>"; };
		104A9CAD1B4BF5DF00886E51 /* Media Format-Video@3x.png */ = {isa = PBXFileReference; lastKnownFileType = image.png; name = "Media Format-Video@3x.png"; path = "../../../Downloads/Icons/PNG/Media Format-Video@3x.png"; sourceTree = "<group>"; };
		104A9CB61B4BF67600886E51 /* MetaInfo-External@2x.png */ = {isa = PBXFileReference; lastKnownFileType = image.png; name = "MetaInfo-External@2x.png"; path = "../../../Downloads/Icons/PNG/MetaInfo-External@2x.png"; sourceTree = "<group>"; };
		104A9CB71B4BF67600886E51 /* MetaInfo-External@3x.png */ = {isa = PBXFileReference; lastKnownFileType = image.png; name = "MetaInfo-External@3x.png"; path = "../../../Downloads/Icons/PNG/MetaInfo-External@3x.png"; sourceTree = "<group>"; };
		104A9CB81B4BF67600886E51 /* MetaInfo-FileSize@2x.png */ = {isa = PBXFileReference; lastKnownFileType = image.png; name = "MetaInfo-FileSize@2x.png"; path = "../../../Downloads/Icons/PNG/MetaInfo-FileSize@2x.png"; sourceTree = "<group>"; };
		104A9CB91B4BF67600886E51 /* MetaInfo-FileSize@3x.png */ = {isa = PBXFileReference; lastKnownFileType = image.png; name = "MetaInfo-FileSize@3x.png"; path = "../../../Downloads/Icons/PNG/MetaInfo-FileSize@3x.png"; sourceTree = "<group>"; };
		104A9CBA1B4BF67600886E51 /* MetaInfo-Internal@2x.png */ = {isa = PBXFileReference; lastKnownFileType = image.png; name = "MetaInfo-Internal@2x.png"; path = "../../../Downloads/Icons/PNG/MetaInfo-Internal@2x.png"; sourceTree = "<group>"; };
		104A9CBB1B4BF67600886E51 /* MetaInfo-Internal@3x.png */ = {isa = PBXFileReference; lastKnownFileType = image.png; name = "MetaInfo-Internal@3x.png"; path = "../../../Downloads/Icons/PNG/MetaInfo-Internal@3x.png"; sourceTree = "<group>"; };
		104A9CBC1B4BF67600886E51 /* MetaInfo-LengthTime@2x.png */ = {isa = PBXFileReference; lastKnownFileType = image.png; name = "MetaInfo-LengthTime@2x.png"; path = "../../../Downloads/Icons/PNG/MetaInfo-LengthTime@2x.png"; sourceTree = "<group>"; };
		104A9CBD1B4BF67600886E51 /* MetaInfo-LengthTime@3x.png */ = {isa = PBXFileReference; lastKnownFileType = image.png; name = "MetaInfo-LengthTime@3x.png"; path = "../../../Downloads/Icons/PNG/MetaInfo-LengthTime@3x.png"; sourceTree = "<group>"; };
		104A9CBE1B4BF67600886E51 /* MetaInfo-Pages@2x.png */ = {isa = PBXFileReference; lastKnownFileType = image.png; name = "MetaInfo-Pages@2x.png"; path = "../../../Downloads/Icons/PNG/MetaInfo-Pages@2x.png"; sourceTree = "<group>"; };
		104A9CBF1B4BF67600886E51 /* MetaInfo-Pages@3x.png */ = {isa = PBXFileReference; lastKnownFileType = image.png; name = "MetaInfo-Pages@3x.png"; path = "../../../Downloads/Icons/PNG/MetaInfo-Pages@3x.png"; sourceTree = "<group>"; };
		104A9CC01B4BF67600886E51 /* MetaInfo-Sales Tool@2x.png */ = {isa = PBXFileReference; lastKnownFileType = image.png; name = "MetaInfo-Sales Tool@2x.png"; path = "../../../Downloads/Icons/PNG/MetaInfo-Sales Tool@2x.png"; sourceTree = "<group>"; };
		104A9CC11B4BF67600886E51 /* MetaInfo-Sales Tool@3x.png */ = {isa = PBXFileReference; lastKnownFileType = image.png; name = "MetaInfo-Sales Tool@3x.png"; path = "../../../Downloads/Icons/PNG/MetaInfo-Sales Tool@3x.png"; sourceTree = "<group>"; };
		104A9CCE1B4BF7C800886E51 /* Favourites List Icon-Add@2x.png */ = {isa = PBXFileReference; lastKnownFileType = image.png; name = "Favourites List Icon-Add@2x.png"; path = "../../../Downloads/Icons/PNG/Favourites List Icon-Add@2x.png"; sourceTree = "<group>"; };
		104A9CCF1B4BF7C800886E51 /* Favourites List Icon-Add@3x.png */ = {isa = PBXFileReference; lastKnownFileType = image.png; name = "Favourites List Icon-Add@3x.png"; path = "../../../Downloads/Icons/PNG/Favourites List Icon-Add@3x.png"; sourceTree = "<group>"; };
		104A9CD01B4BF7C800886E51 /* Favourites List Icon@2x.png */ = {isa = PBXFileReference; lastKnownFileType = image.png; name = "Favourites List Icon@2x.png"; path = "../../../Downloads/Icons/PNG/Favourites List Icon@2x.png"; sourceTree = "<group>"; };
		104A9CD11B4BF7C800886E51 /* Favourites List Icon@3x.png */ = {isa = PBXFileReference; lastKnownFileType = image.png; name = "Favourites List Icon@3x.png"; path = "../../../Downloads/Icons/PNG/Favourites List Icon@3x.png"; sourceTree = "<group>"; };
		104A9CD61B4BFA9900886E51 /* trash32.png */ = {isa = PBXFileReference; lastKnownFileType = image.png; name = trash32.png; path = icons/trash32.png; sourceTree = SOURCE_ROOT; };
		104A9CD71B4BFA9900886E51 /* trash32@2x.png */ = {isa = PBXFileReference; lastKnownFileType = image.png; name = "trash32@2x.png"; path = "icons/trash32@2x.png"; sourceTree = SOURCE_ROOT; };
		104A9CD81B4BFA9900886E51 /* trash32@3x.png */ = {isa = PBXFileReference; lastKnownFileType = image.png; name = "trash32@3x.png"; path = "icons/trash32@3x.png"; sourceTree = SOURCE_ROOT; };
		1053C4531B47E2CB0062ADDA /* libz.dylib */ = {isa = PBXFileReference; lastKnownFileType = "compiled.mach-o.dylib"; name = libz.dylib; path = usr/lib/libz.dylib; sourceTree = SDKROOT; };
		1053C4571B47E3660062ADDA /* crypt.h */ = {isa = PBXFileReference; fileEncoding = 4; lastKnownFileType = sourcecode.c.h; path = crypt.h; sourceTree = "<group>"; };
		1053C4581B47E3660062ADDA /* ioapi.c */ = {isa = PBXFileReference; fileEncoding = 4; lastKnownFileType = sourcecode.c.c; path = ioapi.c; sourceTree = "<group>"; };
		1053C4591B47E3660062ADDA /* ioapi.h */ = {isa = PBXFileReference; fileEncoding = 4; lastKnownFileType = sourcecode.c.h; path = ioapi.h; sourceTree = "<group>"; };
		1053C45A1B47E3660062ADDA /* mztools.c */ = {isa = PBXFileReference; fileEncoding = 4; lastKnownFileType = sourcecode.c.c; path = mztools.c; sourceTree = "<group>"; };
		1053C45B1B47E3660062ADDA /* mztools.h */ = {isa = PBXFileReference; fileEncoding = 4; lastKnownFileType = sourcecode.c.h; path = mztools.h; sourceTree = "<group>"; };
		1053C45C1B47E3660062ADDA /* unzip.c */ = {isa = PBXFileReference; fileEncoding = 4; lastKnownFileType = sourcecode.c.c; path = unzip.c; sourceTree = "<group>"; };
		1053C45D1B47E3660062ADDA /* unzip.h */ = {isa = PBXFileReference; fileEncoding = 4; lastKnownFileType = sourcecode.c.h; path = unzip.h; sourceTree = "<group>"; };
		1053C45E1B47E3660062ADDA /* zip.c */ = {isa = PBXFileReference; fileEncoding = 4; lastKnownFileType = sourcecode.c.c; path = zip.c; sourceTree = "<group>"; };
		1053C45F1B47E3660062ADDA /* zip.h */ = {isa = PBXFileReference; fileEncoding = 4; lastKnownFileType = sourcecode.c.h; path = zip.h; sourceTree = "<group>"; };
		1053C4601B47E3660062ADDA /* SSZipArchive.h */ = {isa = PBXFileReference; fileEncoding = 4; lastKnownFileType = sourcecode.c.h; path = SSZipArchive.h; sourceTree = "<group>"; };
		1053C4611B47E3660062ADDA /* SSZipArchive.m */ = {isa = PBXFileReference; fileEncoding = 4; lastKnownFileType = sourcecode.c.objc; path = SSZipArchive.m; sourceTree = "<group>"; };
		1053C4671B4818930062ADDA /* MenuViewController.h */ = {isa = PBXFileReference; fileEncoding = 4; lastKnownFileType = sourcecode.c.h; path = MenuViewController.h; sourceTree = "<group>"; };
		1053C4681B4818930062ADDA /* MenuViewController.m */ = {isa = PBXFileReference; fileEncoding = 4; lastKnownFileType = sourcecode.c.objc; path = MenuViewController.m; sourceTree = "<group>"; };
		105EE2DF1B403DA500F6438E /* AssetDataObject.h */ = {isa = PBXFileReference; lastKnownFileType = sourcecode.c.h; path = AssetDataObject.h; sourceTree = "<group>"; };
		105EE2E11B403DDA00F6438E /* AssetsCollectionView.m */ = {isa = PBXFileReference; fileEncoding = 4; lastKnownFileType = sourcecode.c.objc; path = AssetsCollectionView.m; sourceTree = "<group>"; };
		105EE2E31B403E1C00F6438E /* AssetCell.h */ = {isa = PBXFileReference; fileEncoding = 4; lastKnownFileType = sourcecode.c.h; path = AssetCell.h; sourceTree = "<group>"; };
		105EE2E41B403E1C00F6438E /* AssetCell.m */ = {isa = PBXFileReference; fileEncoding = 4; lastKnownFileType = sourcecode.c.objc; path = AssetCell.m; sourceTree = "<group>"; };
		105EE2F11B41771000F6438E /* AssetsCollectionHeaderView.h */ = {isa = PBXFileReference; fileEncoding = 4; lastKnownFileType = sourcecode.c.h; path = AssetsCollectionHeaderView.h; sourceTree = "<group>"; };
		105EE2F21B41771000F6438E /* AssetsCollectionHeaderView.m */ = {isa = PBXFileReference; fileEncoding = 4; lastKnownFileType = sourcecode.c.objc; path = AssetsCollectionHeaderView.m; sourceTree = "<group>"; };
		105EE2F51B41A68700F6438E /* Reader-Button-H.png */ = {isa = PBXFileReference; lastKnownFileType = image.png; path = "Reader-Button-H.png"; sourceTree = "<group>"; };
		105EE2F61B41A68700F6438E /* Reader-Button-H@2x.png */ = {isa = PBXFileReference; lastKnownFileType = image.png; path = "Reader-Button-H@2x.png"; sourceTree = "<group>"; };
		105EE2F71B41A68700F6438E /* Reader-Button-N.png */ = {isa = PBXFileReference; lastKnownFileType = image.png; path = "Reader-Button-N.png"; sourceTree = "<group>"; };
		105EE2F81B41A68700F6438E /* Reader-Button-N@2x.png */ = {isa = PBXFileReference; lastKnownFileType = image.png; path = "Reader-Button-N@2x.png"; sourceTree = "<group>"; };
		105EE2F91B41A68700F6438E /* Reader-Email.png */ = {isa = PBXFileReference; lastKnownFileType = image.png; path = "Reader-Email.png"; sourceTree = "<group>"; };
		105EE2FA1B41A68700F6438E /* Reader-Email@2x.png */ = {isa = PBXFileReference; lastKnownFileType = image.png; path = "Reader-Email@2x.png"; sourceTree = "<group>"; };
		105EE2FB1B41A68700F6438E /* Reader-Export.png */ = {isa = PBXFileReference; lastKnownFileType = image.png; path = "Reader-Export.png"; sourceTree = "<group>"; };
		105EE2FC1B41A68700F6438E /* Reader-Export@2x.png */ = {isa = PBXFileReference; lastKnownFileType = image.png; path = "Reader-Export@2x.png"; sourceTree = "<group>"; };
		105EE2FD1B41A68700F6438E /* Reader-Mark-N.png */ = {isa = PBXFileReference; lastKnownFileType = image.png; path = "Reader-Mark-N.png"; sourceTree = "<group>"; };
		105EE2FE1B41A68700F6438E /* Reader-Mark-N@2x.png */ = {isa = PBXFileReference; lastKnownFileType = image.png; path = "Reader-Mark-N@2x.png"; sourceTree = "<group>"; };
		105EE2FF1B41A68700F6438E /* Reader-Mark-Y.png */ = {isa = PBXFileReference; lastKnownFileType = image.png; path = "Reader-Mark-Y.png"; sourceTree = "<group>"; };
		105EE3001B41A68700F6438E /* Reader-Mark-Y@2x.png */ = {isa = PBXFileReference; lastKnownFileType = image.png; path = "Reader-Mark-Y@2x.png"; sourceTree = "<group>"; };
		105EE3011B41A68700F6438E /* Reader-Print.png */ = {isa = PBXFileReference; lastKnownFileType = image.png; path = "Reader-Print.png"; sourceTree = "<group>"; };
		105EE3021B41A68700F6438E /* Reader-Print@2x.png */ = {isa = PBXFileReference; lastKnownFileType = image.png; path = "Reader-Print@2x.png"; sourceTree = "<group>"; };
		105EE3031B41A68700F6438E /* Reader-Thumbs.png */ = {isa = PBXFileReference; lastKnownFileType = image.png; path = "Reader-Thumbs.png"; sourceTree = "<group>"; };
		105EE3041B41A68700F6438E /* Reader-Thumbs@2x.png */ = {isa = PBXFileReference; lastKnownFileType = image.png; path = "Reader-Thumbs@2x.png"; sourceTree = "<group>"; };
		105EE3151B41A69B00F6438E /* CGPDFDocument.h */ = {isa = PBXFileReference; fileEncoding = 4; lastKnownFileType = sourcecode.c.h; path = CGPDFDocument.h; sourceTree = "<group>"; };
		105EE3161B41A69B00F6438E /* CGPDFDocument.m */ = {isa = PBXFileReference; fileEncoding = 4; lastKnownFileType = sourcecode.c.objc; path = CGPDFDocument.m; sourceTree = "<group>"; };
		105EE3171B41A69B00F6438E /* ReaderConstants.h */ = {isa = PBXFileReference; fileEncoding = 4; lastKnownFileType = sourcecode.c.h; path = ReaderConstants.h; sourceTree = "<group>"; };
		105EE3181B41A69B00F6438E /* ReaderConstants.m */ = {isa = PBXFileReference; fileEncoding = 4; lastKnownFileType = sourcecode.c.objc; path = ReaderConstants.m; sourceTree = "<group>"; };
		105EE3191B41A69B00F6438E /* ReaderContentPage.h */ = {isa = PBXFileReference; fileEncoding = 4; lastKnownFileType = sourcecode.c.h; path = ReaderContentPage.h; sourceTree = "<group>"; };
		105EE31A1B41A69B00F6438E /* ReaderContentPage.m */ = {isa = PBXFileReference; fileEncoding = 4; lastKnownFileType = sourcecode.c.objc; path = ReaderContentPage.m; sourceTree = "<group>"; };
		105EE31B1B41A69B00F6438E /* ReaderContentTile.h */ = {isa = PBXFileReference; fileEncoding = 4; lastKnownFileType = sourcecode.c.h; path = ReaderContentTile.h; sourceTree = "<group>"; };
		105EE31C1B41A69B00F6438E /* ReaderContentTile.m */ = {isa = PBXFileReference; fileEncoding = 4; lastKnownFileType = sourcecode.c.objc; path = ReaderContentTile.m; sourceTree = "<group>"; };
		105EE31D1B41A69B00F6438E /* ReaderContentView.h */ = {isa = PBXFileReference; fileEncoding = 4; lastKnownFileType = sourcecode.c.h; path = ReaderContentView.h; sourceTree = "<group>"; };
		105EE31E1B41A69B00F6438E /* ReaderContentView.m */ = {isa = PBXFileReference; fileEncoding = 4; lastKnownFileType = sourcecode.c.objc; path = ReaderContentView.m; sourceTree = "<group>"; };
		105EE31F1B41A69B00F6438E /* ReaderDocument.h */ = {isa = PBXFileReference; fileEncoding = 4; lastKnownFileType = sourcecode.c.h; path = ReaderDocument.h; sourceTree = "<group>"; };
		105EE3201B41A69B00F6438E /* ReaderDocument.m */ = {isa = PBXFileReference; fileEncoding = 4; lastKnownFileType = sourcecode.c.objc; path = ReaderDocument.m; sourceTree = "<group>"; };
		105EE3211B41A69B00F6438E /* ReaderDocumentOutline.h */ = {isa = PBXFileReference; fileEncoding = 4; lastKnownFileType = sourcecode.c.h; path = ReaderDocumentOutline.h; sourceTree = "<group>"; };
		105EE3221B41A69B00F6438E /* ReaderDocumentOutline.m */ = {isa = PBXFileReference; fileEncoding = 4; lastKnownFileType = sourcecode.c.objc; path = ReaderDocumentOutline.m; sourceTree = "<group>"; };
		105EE3231B41A69B00F6438E /* ReaderMainPagebar.h */ = {isa = PBXFileReference; fileEncoding = 4; lastKnownFileType = sourcecode.c.h; path = ReaderMainPagebar.h; sourceTree = "<group>"; };
		105EE3241B41A69B00F6438E /* ReaderMainPagebar.m */ = {isa = PBXFileReference; fileEncoding = 4; lastKnownFileType = sourcecode.c.objc; path = ReaderMainPagebar.m; sourceTree = "<group>"; };
		105EE3251B41A69B00F6438E /* ReaderMainToolbar.h */ = {isa = PBXFileReference; fileEncoding = 4; lastKnownFileType = sourcecode.c.h; path = ReaderMainToolbar.h; sourceTree = "<group>"; };
		105EE3261B41A69B00F6438E /* ReaderMainToolbar.m */ = {isa = PBXFileReference; fileEncoding = 4; lastKnownFileType = sourcecode.c.objc; path = ReaderMainToolbar.m; sourceTree = "<group>"; };
		105EE3271B41A69B00F6438E /* ReaderThumbCache.h */ = {isa = PBXFileReference; fileEncoding = 4; lastKnownFileType = sourcecode.c.h; path = ReaderThumbCache.h; sourceTree = "<group>"; };
		105EE3281B41A69B00F6438E /* ReaderThumbCache.m */ = {isa = PBXFileReference; fileEncoding = 4; lastKnownFileType = sourcecode.c.objc; path = ReaderThumbCache.m; sourceTree = "<group>"; };
		105EE3291B41A69B00F6438E /* ReaderThumbFetch.h */ = {isa = PBXFileReference; fileEncoding = 4; lastKnownFileType = sourcecode.c.h; path = ReaderThumbFetch.h; sourceTree = "<group>"; };
		105EE32A1B41A69B00F6438E /* ReaderThumbFetch.m */ = {isa = PBXFileReference; fileEncoding = 4; lastKnownFileType = sourcecode.c.objc; path = ReaderThumbFetch.m; sourceTree = "<group>"; };
		105EE32B1B41A69B00F6438E /* ReaderThumbQueue.h */ = {isa = PBXFileReference; fileEncoding = 4; lastKnownFileType = sourcecode.c.h; path = ReaderThumbQueue.h; sourceTree = "<group>"; };
		105EE32C1B41A69B00F6438E /* ReaderThumbQueue.m */ = {isa = PBXFileReference; fileEncoding = 4; lastKnownFileType = sourcecode.c.objc; path = ReaderThumbQueue.m; sourceTree = "<group>"; };
		105EE32D1B41A69B00F6438E /* ReaderThumbRender.h */ = {isa = PBXFileReference; fileEncoding = 4; lastKnownFileType = sourcecode.c.h; path = ReaderThumbRender.h; sourceTree = "<group>"; };
		105EE32E1B41A69B00F6438E /* ReaderThumbRender.m */ = {isa = PBXFileReference; fileEncoding = 4; lastKnownFileType = sourcecode.c.objc; path = ReaderThumbRender.m; sourceTree = "<group>"; };
		105EE32F1B41A69B00F6438E /* ReaderThumbRequest.h */ = {isa = PBXFileReference; fileEncoding = 4; lastKnownFileType = sourcecode.c.h; path = ReaderThumbRequest.h; sourceTree = "<group>"; };
		105EE3301B41A69B00F6438E /* ReaderThumbRequest.m */ = {isa = PBXFileReference; fileEncoding = 4; lastKnownFileType = sourcecode.c.objc; path = ReaderThumbRequest.m; sourceTree = "<group>"; };
		105EE3311B41A69B00F6438E /* ReaderThumbsView.h */ = {isa = PBXFileReference; fileEncoding = 4; lastKnownFileType = sourcecode.c.h; path = ReaderThumbsView.h; sourceTree = "<group>"; };
		105EE3321B41A69B00F6438E /* ReaderThumbsView.m */ = {isa = PBXFileReference; fileEncoding = 4; lastKnownFileType = sourcecode.c.objc; path = ReaderThumbsView.m; sourceTree = "<group>"; };
		105EE3331B41A69B00F6438E /* ReaderThumbView.h */ = {isa = PBXFileReference; fileEncoding = 4; lastKnownFileType = sourcecode.c.h; path = ReaderThumbView.h; sourceTree = "<group>"; };
		105EE3341B41A69B00F6438E /* ReaderThumbView.m */ = {isa = PBXFileReference; fileEncoding = 4; lastKnownFileType = sourcecode.c.objc; path = ReaderThumbView.m; sourceTree = "<group>"; };
		105EE3351B41A69B00F6438E /* ReaderViewController.h */ = {isa = PBXFileReference; fileEncoding = 4; lastKnownFileType = sourcecode.c.h; path = ReaderViewController.h; sourceTree = "<group>"; };
		105EE3361B41A69B00F6438E /* ReaderViewController.m */ = {isa = PBXFileReference; fileEncoding = 4; lastKnownFileType = sourcecode.c.objc; path = ReaderViewController.m; sourceTree = "<group>"; };
		105EE3371B41A69B00F6438E /* ThumbsMainToolbar.h */ = {isa = PBXFileReference; fileEncoding = 4; lastKnownFileType = sourcecode.c.h; path = ThumbsMainToolbar.h; sourceTree = "<group>"; };
		105EE3381B41A69B00F6438E /* ThumbsMainToolbar.m */ = {isa = PBXFileReference; fileEncoding = 4; lastKnownFileType = sourcecode.c.objc; path = ThumbsMainToolbar.m; sourceTree = "<group>"; };
		105EE3391B41A69B00F6438E /* ThumbsViewController.h */ = {isa = PBXFileReference; fileEncoding = 4; lastKnownFileType = sourcecode.c.h; path = ThumbsViewController.h; sourceTree = "<group>"; };
		105EE33A1B41A69B00F6438E /* ThumbsViewController.m */ = {isa = PBXFileReference; fileEncoding = 4; lastKnownFileType = sourcecode.c.objc; path = ThumbsViewController.m; sourceTree = "<group>"; };
		105EE33B1B41A69B00F6438E /* UIXToolbarView.h */ = {isa = PBXFileReference; fileEncoding = 4; lastKnownFileType = sourcecode.c.h; path = UIXToolbarView.h; sourceTree = "<group>"; };
		105EE33C1B41A69B00F6438E /* UIXToolbarView.m */ = {isa = PBXFileReference; fileEncoding = 4; lastKnownFileType = sourcecode.c.objc; path = UIXToolbarView.m; sourceTree = "<group>"; };
		105EE3511B41A6C600F6438E /* Localizable.strings */ = {isa = PBXFileReference; fileEncoding = 4; lastKnownFileType = text.plist.strings; path = Localizable.strings; sourceTree = "<group>"; };
		105EE3531B42DE6100F6438E /* ListStructureObject.h */ = {isa = PBXFileReference; fileEncoding = 4; lastKnownFileType = sourcecode.c.h; path = ListStructureObject.h; sourceTree = "<group>"; };
		105EE3541B42DE6100F6438E /* ListStructureObject.m */ = {isa = PBXFileReference; fileEncoding = 4; lastKnownFileType = sourcecode.c.objc; path = ListStructureObject.m; sourceTree = "<group>"; };
		1065EDBF1B4525FB00B5F92F /* search_30x30.png */ = {isa = PBXFileReference; lastKnownFileType = image.png; path = search_30x30.png; sourceTree = "<group>"; };
		1065EDC01B4525FB00B5F92F /* search_30x30@2x.png */ = {isa = PBXFileReference; lastKnownFileType = image.png; path = "search_30x30@2x.png"; sourceTree = "<group>"; };
		1065EDC51B452FEF00B5F92F /* SearchViewController.h */ = {isa = PBXFileReference; fileEncoding = 4; lastKnownFileType = sourcecode.c.h; path = SearchViewController.h; sourceTree = "<group>"; };
		1065EDC61B452FEF00B5F92F /* SearchViewController.m */ = {isa = PBXFileReference; fileEncoding = 4; lastKnownFileType = sourcecode.c.objc; path = SearchViewController.m; sourceTree = "<group>"; };
		1094F1001B4C3A11008C3DDA /* TabBar-Favorites@2x.png */ = {isa = PBXFileReference; lastKnownFileType = image.png; name = "TabBar-Favorites@2x.png"; path = "icons/TabBar-Favorites@2x.png"; sourceTree = SOURCE_ROOT; };
		1094F1011B4C3A11008C3DDA /* TabBar-Favorites@3x.png */ = {isa = PBXFileReference; lastKnownFileType = image.png; name = "TabBar-Favorites@3x.png"; path = "icons/TabBar-Favorites@3x.png"; sourceTree = SOURCE_ROOT; };
		1094F1021B4C3A11008C3DDA /* TabBar-Forums@2x.png */ = {isa = PBXFileReference; lastKnownFileType = image.png; name = "TabBar-Forums@2x.png"; path = "icons/TabBar-Forums@2x.png"; sourceTree = SOURCE_ROOT; };
		1094F1031B4C3A11008C3DDA /* TabBar-Forums@3x.png */ = {isa = PBXFileReference; lastKnownFileType = image.png; name = "TabBar-Forums@3x.png"; path = "icons/TabBar-Forums@3x.png"; sourceTree = SOURCE_ROOT; };
		1094F1041B4C3A11008C3DDA /* TabBar-Home@2x.png */ = {isa = PBXFileReference; lastKnownFileType = image.png; name = "TabBar-Home@2x.png"; path = "icons/TabBar-Home@2x.png"; sourceTree = SOURCE_ROOT; };
		1094F1051B4C3A11008C3DDA /* TabBar-Home@3x.png */ = {isa = PBXFileReference; lastKnownFileType = image.png; name = "TabBar-Home@3x.png"; path = "icons/TabBar-Home@3x.png"; sourceTree = SOURCE_ROOT; };
		1094F1061B4C3A11008C3DDA /* TabBar-Menu@2x.png */ = {isa = PBXFileReference; lastKnownFileType = image.png; name = "TabBar-Menu@2x.png"; path = "icons/TabBar-Menu@2x.png"; sourceTree = SOURCE_ROOT; };
		1094F1071B4C3A11008C3DDA /* TabBar-Menu@3x.png */ = {isa = PBXFileReference; lastKnownFileType = image.png; name = "TabBar-Menu@3x.png"; path = "icons/TabBar-Menu@3x.png"; sourceTree = SOURCE_ROOT; };
		1094F1101B4CFDAB008C3DDA /* 60-iPhone@2x.png */ = {isa = PBXFileReference; lastKnownFileType = image.png; name = "60-iPhone@2x.png"; path = "icons/60-iPhone@2x.png"; sourceTree = SOURCE_ROOT; };
		1094F1111B4CFDAB008C3DDA /* 60-iPhone@3x.png */ = {isa = PBXFileReference; lastKnownFileType = image.png; name = "60-iPhone@3x.png"; path = "icons/60-iPhone@3x.png"; sourceTree = SOURCE_ROOT; };
		1094F1141B4CFDED008C3DDA /* iPad-76@1x@2x.png */ = {isa = PBXFileReference; lastKnownFileType = image.png; name = "iPad-76@1x@2x.png"; path = "icons/iPad-76@1x@2x.png"; sourceTree = SOURCE_ROOT; };
		1094F1151B4CFDED008C3DDA /* iPad-76@1x@3x.png */ = {isa = PBXFileReference; lastKnownFileType = image.png; name = "iPad-76@1x@3x.png"; path = "icons/iPad-76@1x@3x.png"; sourceTree = SOURCE_ROOT; };
		10AA6BA91B43E0D50058179E /* ListToggleButton.h */ = {isa = PBXFileReference; fileEncoding = 4; lastKnownFileType = sourcecode.c.h; path = ListToggleButton.h; sourceTree = "<group>"; };
		10AA6BAA1B43E0D50058179E /* ListToggleButton.m */ = {isa = PBXFileReference; fileEncoding = 4; lastKnownFileType = sourcecode.c.objc; path = ListToggleButton.m; sourceTree = "<group>"; };
		10AA6BAC1B4411760058179E /* AssetsCollectionFooterView.h */ = {isa = PBXFileReference; fileEncoding = 4; lastKnownFileType = sourcecode.c.h; path = AssetsCollectionFooterView.h; sourceTree = "<group>"; };
		10AA6BAD1B4411760058179E /* AssetsCollectionFooterView.m */ = {isa = PBXFileReference; fileEncoding = 4; lastKnownFileType = sourcecode.c.objc; path = AssetsCollectionFooterView.m; sourceTree = "<group>"; };
		10DBDC871B4A8DF500EF6AB2 /* UIButtonBarArrowDown.png */ = {isa = PBXFileReference; lastKnownFileType = image.png; name = UIButtonBarArrowDown.png; path = icons/UIButtonBarArrowDown.png; sourceTree = SOURCE_ROOT; };
		10DBDC881B4A8DF500EF6AB2 /* UIButtonBarArrowDown@2x.png */ = {isa = PBXFileReference; lastKnownFileType = image.png; name = "UIButtonBarArrowDown@2x.png"; path = "icons/UIButtonBarArrowDown@2x.png"; sourceTree = SOURCE_ROOT; };
		10DBDC891B4A8DF500EF6AB2 /* UIButtonBarArrowRight.png */ = {isa = PBXFileReference; lastKnownFileType = image.png; name = UIButtonBarArrowRight.png; path = icons/UIButtonBarArrowRight.png; sourceTree = SOURCE_ROOT; };
		10DBDC8A1B4A8DF500EF6AB2 /* UIButtonBarArrowRight@2x.png */ = {isa = PBXFileReference; lastKnownFileType = image.png; name = "UIButtonBarArrowRight@2x.png"; path = "icons/UIButtonBarArrowRight@2x.png"; sourceTree = SOURCE_ROOT; };
		10E8B0DA1B4533B50010EC8B /* logo_sap.png */ = {isa = PBXFileReference; lastKnownFileType = image.png; path = logo_sap.png; sourceTree = "<group>"; };
		10E8B0DC1B4542700010EC8B /* DownloadDelegate.h */ = {isa = PBXFileReference; fileEncoding = 4; lastKnownFileType = sourcecode.c.h; path = DownloadDelegate.h; sourceTree = "<group>"; };
		10E8B0DD1B4550BD0010EC8B /* SeachCollectionView.h */ = {isa = PBXFileReference; fileEncoding = 4; lastKnownFileType = sourcecode.c.h; path = SeachCollectionView.h; sourceTree = "<group>"; };
		10E8B0DE1B4550BD0010EC8B /* SeachCollectionView.m */ = {isa = PBXFileReference; fileEncoding = 4; lastKnownFileType = sourcecode.c.objc; path = SeachCollectionView.m; sourceTree = "<group>"; };
		10E8B0E01B4560CD0010EC8B /* FavoritesViewController.h */ = {isa = PBXFileReference; fileEncoding = 4; lastKnownFileType = sourcecode.c.h; path = FavoritesViewController.h; sourceTree = "<group>"; };
		10E8B0E11B4560CD0010EC8B /* FavoritesViewController.m */ = {isa = PBXFileReference; fileEncoding = 4; lastKnownFileType = sourcecode.c.objc; path = FavoritesViewController.m; sourceTree = "<group>"; };
		10E8B0E31B4567B10010EC8B /* CustomMoviePlayerViewController.h */ = {isa = PBXFileReference; fileEncoding = 4; lastKnownFileType = sourcecode.c.h; path = CustomMoviePlayerViewController.h; sourceTree = "<group>"; };
		10E8B0E41B4567B10010EC8B /* CustomMoviePlayerViewController.m */ = {isa = PBXFileReference; fileEncoding = 4; lastKnownFileType = sourcecode.c.objc; path = CustomMoviePlayerViewController.m; sourceTree = "<group>"; };
		10E8B0E61B4699D50010EC8B /* UserAssetStatus.h */ = {isa = PBXFileReference; fileEncoding = 4; lastKnownFileType = sourcecode.c.h; path = UserAssetStatus.h; sourceTree = "<group>"; };
		10E8B0E71B4699D50010EC8B /* UserAssetStatus.m */ = {isa = PBXFileReference; fileEncoding = 4; lastKnownFileType = sourcecode.c.objc; path = UserAssetStatus.m; sourceTree = "<group>"; };
/* End PBXFileReference section */

/* Begin PBXFrameworksBuildPhase section */
		102933A31B3D613500758059 /* Frameworks */ = {
			isa = PBXFrameworksBuildPhase;
			buildActionMask = 2147483647;
			files = (
				1053C4541B47E2CB0062ADDA /* libz.dylib in Frameworks */,
			);
			runOnlyForDeploymentPostprocessing = 0;
		};
		102933BF1B3D613500758059 /* Frameworks */ = {
			isa = PBXFrameworksBuildPhase;
			buildActionMask = 2147483647;
			files = (
			);
			runOnlyForDeploymentPostprocessing = 0;
		};
/* End PBXFrameworksBuildPhase section */

/* Begin PBXGroup section */
		1029339D1B3D613500758059 = {
			isa = PBXGroup;
			children = (
				102933A81B3D613500758059 /* HCPSalesAid */,
				102933C51B3D613500758059 /* HCPSalesAidTests */,
				102933A71B3D613500758059 /* Products */,
			);
			sourceTree = "<group>";
		};
		102933A71B3D613500758059 /* Products */ = {
			isa = PBXGroup;
			children = (
				102933A61B3D613500758059 /* HCPSalesAid.app */,
				102933C21B3D613500758059 /* HCPSalesAidTests.xctest */,
			);
			name = Products;
			sourceTree = "<group>";
		};
		102933A81B3D613500758059 /* HCPSalesAid */ = {
			isa = PBXGroup;
			children = (
				1053C4551B47E3660062ADDA /* SSZipArchive */,
				105EE2F41B41A66700F6438E /* PDFFiles */,
				102933AD1B3D613500758059 /* AppDelegate.h */,
				102933AE1B3D613500758059 /* AppDelegate.m */,
				105EE2DF1B403DA500F6438E /* AssetDataObject.h */,
				102933D71B3D6B4100758059 /* AssetDataObject.m */,
				102933D91B3D89F800758059 /* AssetRetriever.h */,
				102933DA1B3D89F800758059 /* AssetRetriever.m */,
				105EE2E31B403E1C00F6438E /* AssetCell.h */,
				105EE2E41B403E1C00F6438E /* AssetCell.m */,
				104A9C811B4AF5A200886E51 /* AssetsCollectionDelegate.h */,
				10AA6BAC1B4411760058179E /* AssetsCollectionFooterView.h */,
				10AA6BAD1B4411760058179E /* AssetsCollectionFooterView.m */,
				105EE2F11B41771000F6438E /* AssetsCollectionHeaderView.h */,
				105EE2F21B41771000F6438E /* AssetsCollectionHeaderView.m */,
				104A9C981B4BCC5500886E51 /* AssetsCollectionView.h */,
				105EE2E11B403DDA00F6438E /* AssetsCollectionView.m */,
				10E8B0E31B4567B10010EC8B /* CustomMoviePlayerViewController.h */,
				10E8B0E41B4567B10010EC8B /* CustomMoviePlayerViewController.m */,
				10E8B0DC1B4542700010EC8B /* DownloadDelegate.h */,
				104A9C9D1B4BE2CD00886E51 /* FavoritesCollectionHeaderView.h */,
				104A9C9E1B4BE2CD00886E51 /* FavoritesCollectionHeaderView.m */,
				104A9C9A1B4BE20A00886E51 /* FavoritesCollectionView.h */,
				104A9C9B1B4BE20A00886E51 /* FavoritesCollectionView.m */,
				10E8B0E01B4560CD0010EC8B /* FavoritesViewController.h */,
				10E8B0E11B4560CD0010EC8B /* FavoritesViewController.m */,
				105EE3531B42DE6100F6438E /* ListStructureObject.h */,
				105EE3541B42DE6100F6438E /* ListStructureObject.m */,
				10AA6BA91B43E0D50058179E /* ListToggleButton.h */,
				10AA6BAA1B43E0D50058179E /* ListToggleButton.m */,
				102933B61B3D613500758059 /* Main.storyboard */,
				102933B01B3D613500758059 /* MainViewController.h */,
				102933B11B3D613500758059 /* MainViewController.m */,
				1053C4671B4818930062ADDA /* MenuViewController.h */,
				1053C4681B4818930062ADDA /* MenuViewController.m */,
				10E8B0DD1B4550BD0010EC8B /* SeachCollectionView.h */,
				10E8B0DE1B4550BD0010EC8B /* SeachCollectionView.m */,
				1065EDC51B452FEF00B5F92F /* SearchViewController.h */,
				1065EDC61B452FEF00B5F92F /* SearchViewController.m */,
				102933B31B3D613500758059 /* ForumViewController.h */,
				102933B41B3D613500758059 /* ForumViewController.m */,
				102933B91B3D613500758059 /* Images.xcassets */,
				102933BB1B3D613500758059 /* LaunchScreen.xib */,
				102933A91B3D613500758059 /* Supporting Files */,
				102933DC1B3EC94100758059 /* Utilities.h */,
				102933DD1B3EC94100758059 /* Utilities.m */,
				10E8B0E61B4699D50010EC8B /* UserAssetStatus.h */,
				10E8B0E71B4699D50010EC8B /* UserAssetStatus.m */,
			);
			path = HCPSalesAid;
			sourceTree = "<group>";
		};
		102933A91B3D613500758059 /* Supporting Files */ = {
			isa = PBXGroup;
			children = (
				1094F1101B4CFDAB008C3DDA /* 60-iPhone@2x.png */,
				1094F1111B4CFDAB008C3DDA /* 60-iPhone@3x.png */,
				104A9C6D1B4ABC0900886E51 /* completed16.png */,
				104A9C6E1B4ABC0900886E51 /* completed16@2x.png */,
				104A9C6F1B4ABC0900886E51 /* completed16@3x.png */,
				104A9CCE1B4BF7C800886E51 /* Favourites List Icon-Add@2x.png */,
				104A9CCF1B4BF7C800886E51 /* Favourites List Icon-Add@3x.png */,
				104A9CD01B4BF7C800886E51 /* Favourites List Icon@2x.png */,
				104A9CD11B4BF7C800886E51 /* Favourites List Icon@3x.png */,
				1094F1141B4CFDED008C3DDA /* iPad-76@1x@2x.png */,
				1094F1151B4CFDED008C3DDA /* iPad-76@1x@3x.png */,
				104A9C731B4ABC2000886E51 /* inprogress16.png */,
				104A9C741B4ABC2000886E51 /* inprogress16@2x.png */,
				104A9C751B4ABC2000886E51 /* inprogress16@3x.png */,
				102933AA1B3D613500758059 /* Info.plist */,
				1053C4531B47E2CB0062ADDA /* libz.dylib */,
				105EE3511B41A6C600F6438E /* Localizable.strings */,
				10E8B0DA1B4533B50010EC8B /* logo_sap.png */,
				102933AB1B3D613500758059 /* main.m */,
				104A9CA61B4BF5DF00886E51 /* Media Format-Audio@2x.png */,
				104A9CA71B4BF5DF00886E51 /* Media Format-Audio@3x.png */,
				104A9CA81B4BF5DF00886E51 /* Media Format-Misc. Docs@2x.png */,
				104A9CA91B4BF5DF00886E51 /* Media Format-Misc. Docs@3x.png */,
				104A9CAA1B4BF5DF00886E51 /* Media Format-PDF@2x.png */,
				104A9CAB1B4BF5DF00886E51 /* Media Format-PDF@3x.png */,
				104A9CAC1B4BF5DF00886E51 /* Media Format-Video@2x.png */,
				104A9CAD1B4BF5DF00886E51 /* Media Format-Video@3x.png */,
				104A9CB61B4BF67600886E51 /* MetaInfo-External@2x.png */,
				104A9CB71B4BF67600886E51 /* MetaInfo-External@3x.png */,
				104A9CB81B4BF67600886E51 /* MetaInfo-FileSize@2x.png */,
				104A9CB91B4BF67600886E51 /* MetaInfo-FileSize@3x.png */,
				104A9CBA1B4BF67600886E51 /* MetaInfo-Internal@2x.png */,
				104A9CBB1B4BF67600886E51 /* MetaInfo-Internal@3x.png */,
				104A9CBC1B4BF67600886E51 /* MetaInfo-LengthTime@2x.png */,
				104A9CBD1B4BF67600886E51 /* MetaInfo-LengthTime@3x.png */,
				104A9CBE1B4BF67600886E51 /* MetaInfo-Pages@2x.png */,
				104A9CBF1B4BF67600886E51 /* MetaInfo-Pages@3x.png */,
				104A9CC01B4BF67600886E51 /* MetaInfo-Sales Tool@2x.png */,
				104A9CC11B4BF67600886E51 /* MetaInfo-Sales Tool@3x.png */,
				104A9C791B4ABC3500886E51 /* notstarted16.png */,
				104A9C7A1B4ABC3500886E51 /* notstarted16@2x.png */,
				104A9C7B1B4ABC3500886E51 /* notstarted16@3x.png */,
				105EE2F51B41A68700F6438E /* Reader-Button-H.png */,
				105EE2F61B41A68700F6438E /* Reader-Button-H@2x.png */,
				105EE2F71B41A68700F6438E /* Reader-Button-N.png */,
				105EE2F81B41A68700F6438E /* Reader-Button-N@2x.png */,
				105EE2F91B41A68700F6438E /* Reader-Email.png */,
				105EE2FA1B41A68700F6438E /* Reader-Email@2x.png */,
				105EE2FB1B41A68700F6438E /* Reader-Export.png */,
				105EE2FC1B41A68700F6438E /* Reader-Export@2x.png */,
				105EE2FD1B41A68700F6438E /* Reader-Mark-N.png */,
				105EE2FE1B41A68700F6438E /* Reader-Mark-N@2x.png */,
				105EE2FF1B41A68700F6438E /* Reader-Mark-Y.png */,
				105EE3001B41A68700F6438E /* Reader-Mark-Y@2x.png */,
				105EE3011B41A68700F6438E /* Reader-Print.png */,
				105EE3021B41A68700F6438E /* Reader-Print@2x.png */,
				105EE3031B41A68700F6438E /* Reader-Thumbs.png */,
				105EE3041B41A68700F6438E /* Reader-Thumbs@2x.png */,
				1065EDBF1B4525FB00B5F92F /* search_30x30.png */,
				1065EDC01B4525FB00B5F92F /* search_30x30@2x.png */,
				1094F1001B4C3A11008C3DDA /* TabBar-Favorites@2x.png */,
				1094F1011B4C3A11008C3DDA /* TabBar-Favorites@3x.png */,
				1094F1021B4C3A11008C3DDA /* TabBar-Forums@2x.png */,
				1094F1031B4C3A11008C3DDA /* TabBar-Forums@3x.png */,
				1094F1041B4C3A11008C3DDA /* TabBar-Home@2x.png */,
				1094F1051B4C3A11008C3DDA /* TabBar-Home@3x.png */,
				1094F1061B4C3A11008C3DDA /* TabBar-Menu@2x.png */,
				1094F1071B4C3A11008C3DDA /* TabBar-Menu@3x.png */,
				104A9CD61B4BFA9900886E51 /* trash32.png */,
				104A9CD71B4BFA9900886E51 /* trash32@2x.png */,
				104A9CD81B4BFA9900886E51 /* trash32@3x.png */,
				10DBDC871B4A8DF500EF6AB2 /* UIButtonBarArrowDown.png */,
				10DBDC881B4A8DF500EF6AB2 /* UIButtonBarArrowDown@2x.png */,
				10DBDC891B4A8DF500EF6AB2 /* UIButtonBarArrowRight.png */,
				10DBDC8A1B4A8DF500EF6AB2 /* UIButtonBarArrowRight@2x.png */,
			);
			name = "Supporting Files";
			sourceTree = "<group>";
		};
		102933C51B3D613500758059 /* HCPSalesAidTests */ = {
			isa = PBXGroup;
			children = (
				102933C81B3D613500758059 /* HCPSalesAidTests.m */,
				102933C61B3D613500758059 /* Supporting Files */,
			);
			path = HCPSalesAidTests;
			sourceTree = "<group>";
		};
		102933C61B3D613500758059 /* Supporting Files */ = {
			isa = PBXGroup;
			children = (
				102933C71B3D613500758059 /* Info.plist */,
			);
			name = "Supporting Files";
			sourceTree = "<group>";
		};
		1053C4551B47E3660062ADDA /* SSZipArchive */ = {
			isa = PBXGroup;
			children = (
				1053C4561B47E3660062ADDA /* minizip */,
				1053C4601B47E3660062ADDA /* SSZipArchive.h */,
				1053C4611B47E3660062ADDA /* SSZipArchive.m */,
			);
			name = SSZipArchive;
			path = "../../../Downloads/ZipArchive-master/SSZipArchive";
			sourceTree = "<group>";
		};
		1053C4561B47E3660062ADDA /* minizip */ = {
			isa = PBXGroup;
			children = (
				1053C4571B47E3660062ADDA /* crypt.h */,
				1053C4581B47E3660062ADDA /* ioapi.c */,
				1053C4591B47E3660062ADDA /* ioapi.h */,
				1053C45A1B47E3660062ADDA /* mztools.c */,
				1053C45B1B47E3660062ADDA /* mztools.h */,
				1053C45C1B47E3660062ADDA /* unzip.c */,
				1053C45D1B47E3660062ADDA /* unzip.h */,
				1053C45E1B47E3660062ADDA /* zip.c */,
				1053C45F1B47E3660062ADDA /* zip.h */,
			);
			path = minizip;
			sourceTree = "<group>";
		};
		105EE2F41B41A66700F6438E /* PDFFiles */ = {
			isa = PBXGroup;
			children = (
				105EE3151B41A69B00F6438E /* CGPDFDocument.h */,
				105EE3161B41A69B00F6438E /* CGPDFDocument.m */,
				105EE3171B41A69B00F6438E /* ReaderConstants.h */,
				105EE3181B41A69B00F6438E /* ReaderConstants.m */,
				105EE3191B41A69B00F6438E /* ReaderContentPage.h */,
				105EE31A1B41A69B00F6438E /* ReaderContentPage.m */,
				105EE31B1B41A69B00F6438E /* ReaderContentTile.h */,
				105EE31C1B41A69B00F6438E /* ReaderContentTile.m */,
				105EE31D1B41A69B00F6438E /* ReaderContentView.h */,
				105EE31E1B41A69B00F6438E /* ReaderContentView.m */,
				105EE31F1B41A69B00F6438E /* ReaderDocument.h */,
				105EE3201B41A69B00F6438E /* ReaderDocument.m */,
				105EE3211B41A69B00F6438E /* ReaderDocumentOutline.h */,
				105EE3221B41A69B00F6438E /* ReaderDocumentOutline.m */,
				105EE3231B41A69B00F6438E /* ReaderMainPagebar.h */,
				105EE3241B41A69B00F6438E /* ReaderMainPagebar.m */,
				105EE3251B41A69B00F6438E /* ReaderMainToolbar.h */,
				105EE3261B41A69B00F6438E /* ReaderMainToolbar.m */,
				105EE3271B41A69B00F6438E /* ReaderThumbCache.h */,
				105EE3281B41A69B00F6438E /* ReaderThumbCache.m */,
				105EE3291B41A69B00F6438E /* ReaderThumbFetch.h */,
				105EE32A1B41A69B00F6438E /* ReaderThumbFetch.m */,
				105EE32B1B41A69B00F6438E /* ReaderThumbQueue.h */,
				105EE32C1B41A69B00F6438E /* ReaderThumbQueue.m */,
				105EE32D1B41A69B00F6438E /* ReaderThumbRender.h */,
				105EE32E1B41A69B00F6438E /* ReaderThumbRender.m */,
				105EE32F1B41A69B00F6438E /* ReaderThumbRequest.h */,
				105EE3301B41A69B00F6438E /* ReaderThumbRequest.m */,
				105EE3311B41A69B00F6438E /* ReaderThumbsView.h */,
				105EE3321B41A69B00F6438E /* ReaderThumbsView.m */,
				105EE3331B41A69B00F6438E /* ReaderThumbView.h */,
				105EE3341B41A69B00F6438E /* ReaderThumbView.m */,
				105EE3351B41A69B00F6438E /* ReaderViewController.h */,
				105EE3361B41A69B00F6438E /* ReaderViewController.m */,
				105EE3371B41A69B00F6438E /* ThumbsMainToolbar.h */,
				105EE3381B41A69B00F6438E /* ThumbsMainToolbar.m */,
				105EE3391B41A69B00F6438E /* ThumbsViewController.h */,
				105EE33A1B41A69B00F6438E /* ThumbsViewController.m */,
				105EE33B1B41A69B00F6438E /* UIXToolbarView.h */,
				105EE33C1B41A69B00F6438E /* UIXToolbarView.m */,
			);
			name = PDFFiles;
			sourceTree = "<group>";
		};
/* End PBXGroup section */

/* Begin PBXNativeTarget section */
		102933A51B3D613500758059 /* HCPSalesAid */ = {
			isa = PBXNativeTarget;
			buildConfigurationList = 102933CC1B3D613500758059 /* Build configuration list for PBXNativeTarget "HCPSalesAid" */;
			buildPhases = (
				102933A21B3D613500758059 /* Sources */,
				102933A31B3D613500758059 /* Frameworks */,
				102933A41B3D613500758059 /* Resources */,
			);
			buildRules = (
			);
			dependencies = (
			);
			name = HCPSalesAid;
			productName = HCPSalesAid;
			productReference = 102933A61B3D613500758059 /* HCPSalesAid.app */;
			productType = "com.apple.product-type.application";
		};
		102933C11B3D613500758059 /* HCPSalesAidTests */ = {
			isa = PBXNativeTarget;
			buildConfigurationList = 102933CF1B3D613500758059 /* Build configuration list for PBXNativeTarget "HCPSalesAidTests" */;
			buildPhases = (
				102933BE1B3D613500758059 /* Sources */,
				102933BF1B3D613500758059 /* Frameworks */,
				102933C01B3D613500758059 /* Resources */,
			);
			buildRules = (
			);
			dependencies = (
				102933C41B3D613500758059 /* PBXTargetDependency */,
			);
			name = HCPSalesAidTests;
			productName = HCPSalesAidTests;
			productReference = 102933C21B3D613500758059 /* HCPSalesAidTests.xctest */;
			productType = "com.apple.product-type.bundle.unit-test";
		};
/* End PBXNativeTarget section */

/* Begin PBXProject section */
		1029339E1B3D613500758059 /* Project object */ = {
			isa = PBXProject;
			attributes = {
				LastUpgradeCheck = 0630;
				ORGANIZATIONNAME = cmholden;
				TargetAttributes = {
					102933A51B3D613500758059 = {
						CreatedOnToolsVersion = 6.3.2;
						DevelopmentTeam = S29VWZ2L66;
					};
					102933C11B3D613500758059 = {
						CreatedOnToolsVersion = 6.3.2;
						TestTargetID = 102933A51B3D613500758059;
					};
				};
			};
			buildConfigurationList = 102933A11B3D613500758059 /* Build configuration list for PBXProject "HCPSalesAid" */;
			compatibilityVersion = "Xcode 3.2";
			developmentRegion = English;
			hasScannedForEncodings = 0;
			knownRegions = (
				en,
				Base,
			);
			mainGroup = 1029339D1B3D613500758059;
			productRefGroup = 102933A71B3D613500758059 /* Products */;
			projectDirPath = "";
			projectRoot = "";
			targets = (
				102933A51B3D613500758059 /* HCPSalesAid */,
				102933C11B3D613500758059 /* HCPSalesAidTests */,
			);
		};
/* End PBXProject section */

/* Begin PBXResourcesBuildPhase section */
		102933A41B3D613500758059 /* Resources */ = {
			isa = PBXResourcesBuildPhase;
			buildActionMask = 2147483647;
			files = (
				1094F1081B4C3A11008C3DDA /* TabBar-Favorites@2x.png in Resources */,
				104A9C781B4ABC2000886E51 /* inprogress16@3x.png in Resources */,
				104A9C761B4ABC2000886E51 /* inprogress16.png in Resources */,
				10DBDC8C1B4A8DF500EF6AB2 /* UIButtonBarArrowDown@2x.png in Resources */,
				105EE3091B41A68700F6438E /* Reader-Email.png in Resources */,
				105EE30E1B41A68700F6438E /* Reader-Mark-N@2x.png in Resources */,
				105EE3521B41A6C600F6438E /* Localizable.strings in Resources */,
				104A9CCA1B4BF67600886E51 /* MetaInfo-Pages@2x.png in Resources */,
				104A9C7C1B4ABC3500886E51 /* notstarted16.png in Resources */,
				1094F1171B4CFDED008C3DDA /* iPad-76@1x@3x.png in Resources */,
				1094F1161B4CFDED008C3DDA /* iPad-76@1x@2x.png in Resources */,
				105EE3101B41A68700F6438E /* Reader-Mark-Y@2x.png in Resources */,
				102933B81B3D613500758059 /* Main.storyboard in Resources */,
				1094F1121B4CFDAB008C3DDA /* 60-iPhone@2x.png in Resources */,
				1065EDC21B4525FB00B5F92F /* search_30x30@2x.png in Resources */,
				104A9CCD1B4BF67600886E51 /* MetaInfo-Sales Tool@3x.png in Resources */,
				104A9C701B4ABC0900886E51 /* completed16.png in Resources */,
				104A9CDB1B4BFA9900886E51 /* trash32@3x.png in Resources */,
				104A9CC71B4BF67600886E51 /* MetaInfo-Internal@3x.png in Resources */,
				102933BD1B3D613500758059 /* LaunchScreen.xib in Resources */,
				1094F10B1B4C3A11008C3DDA /* TabBar-Forums@3x.png in Resources */,
				104A9CC61B4BF67600886E51 /* MetaInfo-Internal@2x.png in Resources */,
				104A9C711B4ABC0900886E51 /* completed16@2x.png in Resources */,
				10DBDC8D1B4A8DF500EF6AB2 /* UIButtonBarArrowRight.png in Resources */,
				105EE30A1B41A68700F6438E /* Reader-Email@2x.png in Resources */,
				1094F10F1B4C3A11008C3DDA /* TabBar-Menu@3x.png in Resources */,
				104A9C771B4ABC2000886E51 /* inprogress16@2x.png in Resources */,
				105EE3071B41A68700F6438E /* Reader-Button-N.png in Resources */,
				104A9CD51B4BF7C800886E51 /* Favourites List Icon@3x.png in Resources */,
				1094F1091B4C3A11008C3DDA /* TabBar-Favorites@3x.png in Resources */,
				104A9CB41B4BF5DF00886E51 /* Media Format-Video@2x.png in Resources */,
				105EE30B1B41A68700F6438E /* Reader-Export.png in Resources */,
				105EE3121B41A68700F6438E /* Reader-Print@2x.png in Resources */,
				104A9CD31B4BF7C800886E51 /* Favourites List Icon-Add@3x.png in Resources */,
				105EE3141B41A68700F6438E /* Reader-Thumbs@2x.png in Resources */,
				104A9CDA1B4BFA9900886E51 /* trash32@2x.png in Resources */,
				104A9CC21B4BF67600886E51 /* MetaInfo-External@2x.png in Resources */,
				104A9CB51B4BF5DF00886E51 /* Media Format-Video@3x.png in Resources */,
				105EE30D1B41A68700F6438E /* Reader-Mark-N.png in Resources */,
				10DBDC8B1B4A8DF500EF6AB2 /* UIButtonBarArrowDown.png in Resources */,
				1065EDC11B4525FB00B5F92F /* search_30x30.png in Resources */,
				105EE3081B41A68700F6438E /* Reader-Button-N@2x.png in Resources */,
				104A9CB21B4BF5DF00886E51 /* Media Format-PDF@2x.png in Resources */,
				1094F10E1B4C3A11008C3DDA /* TabBar-Menu@2x.png in Resources */,
				1094F1131B4CFDAB008C3DDA /* 60-iPhone@3x.png in Resources */,
				104A9CD21B4BF7C800886E51 /* Favourites List Icon-Add@2x.png in Resources */,
				105EE3131B41A68700F6438E /* Reader-Thumbs.png in Resources */,
				104A9CC51B4BF67600886E51 /* MetaInfo-FileSize@3x.png in Resources */,
				105EE30F1B41A68700F6438E /* Reader-Mark-Y.png in Resources */,
				104A9C7E1B4ABC3500886E51 /* notstarted16@3x.png in Resources */,
				104A9CB11B4BF5DF00886E51 /* Media Format-Misc. Docs@3x.png in Resources */,
				1094F10C1B4C3A11008C3DDA /* TabBar-Home@2x.png in Resources */,
				105EE30C1B41A68700F6438E /* Reader-Export@2x.png in Resources */,
				104A9CB01B4BF5DF00886E51 /* Media Format-Misc. Docs@2x.png in Resources */,
				104A9CD91B4BFA9900886E51 /* trash32.png in Resources */,
				104A9CAF1B4BF5DF00886E51 /* Media Format-Audio@3x.png in Resources */,
				1094F10D1B4C3A11008C3DDA /* TabBar-Home@3x.png in Resources */,
				10DBDC8E1B4A8DF500EF6AB2 /* UIButtonBarArrowRight@2x.png in Resources */,
				104A9CB31B4BF5DF00886E51 /* Media Format-PDF@3x.png in Resources */,
				1094F10A1B4C3A11008C3DDA /* TabBar-Forums@2x.png in Resources */,
				105EE3061B41A68700F6438E /* Reader-Button-H@2x.png in Resources */,
				104A9CD41B4BF7C800886E51 /* Favourites List Icon@2x.png in Resources */,
				104A9CCB1B4BF67600886E51 /* MetaInfo-Pages@3x.png in Resources */,
				104A9CCC1B4BF67600886E51 /* MetaInfo-Sales Tool@2x.png in Resources */,
				104A9CC41B4BF67600886E51 /* MetaInfo-FileSize@2x.png in Resources */,
				105EE3111B41A68700F6438E /* Reader-Print.png in Resources */,
				105EE3051B41A68700F6438E /* Reader-Button-H.png in Resources */,
				104A9CC31B4BF67600886E51 /* MetaInfo-External@3x.png in Resources */,
				104A9CC81B4BF67600886E51 /* MetaInfo-LengthTime@2x.png in Resources */,
				104A9CC91B4BF67600886E51 /* MetaInfo-LengthTime@3x.png in Resources */,
				10E8B0DB1B4533B50010EC8B /* logo_sap.png in Resources */,
				104A9C721B4ABC0900886E51 /* completed16@3x.png in Resources */,
				104A9CAE1B4BF5DF00886E51 /* Media Format-Audio@2x.png in Resources */,
				102933BA1B3D613500758059 /* Images.xcassets in Resources */,
				104A9C7D1B4ABC3500886E51 /* notstarted16@2x.png in Resources */,
			);
			runOnlyForDeploymentPostprocessing = 0;
		};
		102933C01B3D613500758059 /* Resources */ = {
			isa = PBXResourcesBuildPhase;
			buildActionMask = 2147483647;
			files = (
			);
			runOnlyForDeploymentPostprocessing = 0;
		};
/* End PBXResourcesBuildPhase section */

/* Begin PBXSourcesBuildPhase section */
		102933A21B3D613500758059 /* Sources */ = {
			isa = PBXSourcesBuildPhase;
			buildActionMask = 2147483647;
			files = (
				105EE3461B41A69B00F6438E /* ReaderThumbCache.m in Sources */,
				105EE33E1B41A69B00F6438E /* ReaderConstants.m in Sources */,
				10E8B0E51B4567B10010EC8B /* CustomMoviePlayerViewController.m in Sources */,
				105EE33F1B41A69B00F6438E /* ReaderContentPage.m in Sources */,
				105EE34D1B41A69B00F6438E /* ReaderViewController.m in Sources */,
				105EE34A1B41A69B00F6438E /* ReaderThumbRequest.m in Sources */,
				1053C4641B47E3660062ADDA /* unzip.c in Sources */,
				105EE3481B41A69B00F6438E /* ReaderThumbQueue.m in Sources */,
				104A9C9F1B4BE2CD00886E51 /* FavoritesCollectionHeaderView.m in Sources */,
				105EE34F1B41A69B00F6438E /* ThumbsViewController.m in Sources */,
				10AA6BAB1B43E0D50058179E /* ListToggleButton.m in Sources */,
				105EE3441B41A69B00F6438E /* ReaderMainPagebar.m in Sources */,
				105EE3431B41A69B00F6438E /* ReaderDocumentOutline.m in Sources */,
				102933B51B3D613500758059 /* ForumViewController.m in Sources */,
				105EE34C1B41A69B00F6438E /* ReaderThumbView.m in Sources */,
				105EE34B1B41A69B00F6438E /* ReaderThumbsView.m in Sources */,
				105EE3411B41A69B00F6438E /* ReaderContentView.m in Sources */,
				10E8B0E21B4560CD0010EC8B /* FavoritesViewController.m in Sources */,
				102933D81B3D6B4100758059 /* AssetDataObject.m in Sources */,
				104A9C9C1B4BE20A00886E51 /* FavoritesCollectionView.m in Sources */,
				105EE2F31B41771000F6438E /* AssetsCollectionHeaderView.m in Sources */,
				10E8B0DF1B4550BD0010EC8B /* SeachCollectionView.m in Sources */,
				105EE3491B41A69B00F6438E /* ReaderThumbRender.m in Sources */,
				105EE3551B42DE6100F6438E /* ListStructureObject.m in Sources */,
				102933AF1B3D613500758059 /* AppDelegate.m in Sources */,
				105EE3501B41A69B00F6438E /* UIXToolbarView.m in Sources */,
				105EE2E21B403DDA00F6438E /* AssetsCollectionView.m in Sources */,
				10AA6BAE1B4411760058179E /* AssetsCollectionFooterView.m in Sources */,
				1065EDC71B452FEF00B5F92F /* SearchViewController.m in Sources */,
				102933B21B3D613500758059 /* MainViewController.m in Sources */,
				104A9C991B4BCC5500886E51 /* AssetsCollectionView.h in Sources */,
				1053C4621B47E3660062ADDA /* ioapi.c in Sources */,
				105EE3401B41A69B00F6438E /* ReaderContentTile.m in Sources */,
				1053C4661B47E3660062ADDA /* SSZipArchive.m in Sources */,
				1053C4691B4818930062ADDA /* MenuViewController.m in Sources */,
				102933AC1B3D613500758059 /* main.m in Sources */,
				105EE3451B41A69B00F6438E /* ReaderMainToolbar.m in Sources */,
				105EE34E1B41A69B00F6438E /* ThumbsMainToolbar.m in Sources */,
				105EE3471B41A69B00F6438E /* ReaderThumbFetch.m in Sources */,
				105EE33D1B41A69B00F6438E /* CGPDFDocument.m in Sources */,
				1053C4631B47E3660062ADDA /* mztools.c in Sources */,
				10E8B0E81B4699D50010EC8B /* UserAssetStatus.m in Sources */,
				105EE2E51B403E1C00F6438E /* AssetCell.m in Sources */,
				105EE3421B41A69B00F6438E /* ReaderDocument.m in Sources */,
				1053C4651B47E3660062ADDA /* zip.c in Sources */,
				102933DE1B3EC94100758059 /* Utilities.m in Sources */,
				102933DB1B3D89F800758059 /* AssetRetriever.m in Sources */,
			);
			runOnlyForDeploymentPostprocessing = 0;
		};
		102933BE1B3D613500758059 /* Sources */ = {
			isa = PBXSourcesBuildPhase;
			buildActionMask = 2147483647;
			files = (
				102933C91B3D613500758059 /* HCPSalesAidTests.m in Sources */,
			);
			runOnlyForDeploymentPostprocessing = 0;
		};
/* End PBXSourcesBuildPhase section */

/* Begin PBXTargetDependency section */
		102933C41B3D613500758059 /* PBXTargetDependency */ = {
			isa = PBXTargetDependency;
			target = 102933A51B3D613500758059 /* HCPSalesAid */;
			targetProxy = 102933C31B3D613500758059 /* PBXContainerItemProxy */;
		};
/* End PBXTargetDependency section */

/* Begin PBXVariantGroup section */
		102933B61B3D613500758059 /* Main.storyboard */ = {
			isa = PBXVariantGroup;
			children = (
				102933B71B3D613500758059 /* Base */,
			);
			name = Main.storyboard;
			sourceTree = "<group>";
		};
		102933BB1B3D613500758059 /* LaunchScreen.xib */ = {
			isa = PBXVariantGroup;
			children = (
				102933BC1B3D613500758059 /* Base */,
			);
			name = LaunchScreen.xib;
			sourceTree = "<group>";
		};
/* End PBXVariantGroup section */

/* Begin XCBuildConfiguration section */
		102933CA1B3D613500758059 /* Debug */ = {
			isa = XCBuildConfiguration;
			buildSettings = {
				ALWAYS_SEARCH_USER_PATHS = NO;
				CLANG_CXX_LANGUAGE_STANDARD = "gnu++0x";
				CLANG_CXX_LIBRARY = "libc++";
				CLANG_ENABLE_MODULES = YES;
				CLANG_ENABLE_OBJC_ARC = YES;
				CLANG_WARN_BOOL_CONVERSION = YES;
				CLANG_WARN_CONSTANT_CONVERSION = YES;
				CLANG_WARN_DIRECT_OBJC_ISA_USAGE = YES_ERROR;
				CLANG_WARN_EMPTY_BODY = YES;
				CLANG_WARN_ENUM_CONVERSION = YES;
				CLANG_WARN_INT_CONVERSION = YES;
				CLANG_WARN_OBJC_ROOT_CLASS = YES_ERROR;
				CLANG_WARN_UNREACHABLE_CODE = YES;
				CLANG_WARN__DUPLICATE_METHOD_MATCH = YES;
				"CODE_SIGN_IDENTITY[sdk=iphoneos*]" = "iPhone Developer";
				COPY_PHASE_STRIP = NO;
				DEBUG_INFORMATION_FORMAT = "dwarf-with-dsym";
				ENABLE_STRICT_OBJC_MSGSEND = YES;
				GCC_C_LANGUAGE_STANDARD = gnu99;
				GCC_DYNAMIC_NO_PIC = NO;
				GCC_NO_COMMON_BLOCKS = YES;
				GCC_OPTIMIZATION_LEVEL = 0;
				GCC_PREPROCESSOR_DEFINITIONS = (
					"DEBUG=1",
					"$(inherited)",
				);
				GCC_SYMBOLS_PRIVATE_EXTERN = NO;
				GCC_WARN_64_TO_32_BIT_CONVERSION = YES;
				GCC_WARN_ABOUT_RETURN_TYPE = YES_ERROR;
				GCC_WARN_UNDECLARED_SELECTOR = YES;
				GCC_WARN_UNINITIALIZED_AUTOS = YES_AGGRESSIVE;
				GCC_WARN_UNUSED_FUNCTION = YES;
				GCC_WARN_UNUSED_VARIABLE = YES;
				IPHONEOS_DEPLOYMENT_TARGET = 7.1;
				MTL_ENABLE_DEBUG_INFO = YES;
				ONLY_ACTIVE_ARCH = YES;
				SDKROOT = iphoneos;
				TARGETED_DEVICE_FAMILY = "1,2";
			};
			name = Debug;
		};
		102933CB1B3D613500758059 /* Release */ = {
			isa = XCBuildConfiguration;
			buildSettings = {
				ALWAYS_SEARCH_USER_PATHS = NO;
				CLANG_CXX_LANGUAGE_STANDARD = "gnu++0x";
				CLANG_CXX_LIBRARY = "libc++";
				CLANG_ENABLE_MODULES = YES;
				CLANG_ENABLE_OBJC_ARC = YES;
				CLANG_WARN_BOOL_CONVERSION = YES;
				CLANG_WARN_CONSTANT_CONVERSION = YES;
				CLANG_WARN_DIRECT_OBJC_ISA_USAGE = YES_ERROR;
				CLANG_WARN_EMPTY_BODY = YES;
				CLANG_WARN_ENUM_CONVERSION = YES;
				CLANG_WARN_INT_CONVERSION = YES;
				CLANG_WARN_OBJC_ROOT_CLASS = YES_ERROR;
				CLANG_WARN_UNREACHABLE_CODE = YES;
				CLANG_WARN__DUPLICATE_METHOD_MATCH = YES;
				"CODE_SIGN_IDENTITY[sdk=iphoneos*]" = "iPhone Developer";
				COPY_PHASE_STRIP = NO;
				DEBUG_INFORMATION_FORMAT = "dwarf-with-dsym";
				ENABLE_NS_ASSERTIONS = NO;
				ENABLE_STRICT_OBJC_MSGSEND = YES;
				GCC_C_LANGUAGE_STANDARD = gnu99;
				GCC_NO_COMMON_BLOCKS = YES;
				GCC_WARN_64_TO_32_BIT_CONVERSION = YES;
				GCC_WARN_ABOUT_RETURN_TYPE = YES_ERROR;
				GCC_WARN_UNDECLARED_SELECTOR = YES;
				GCC_WARN_UNINITIALIZED_AUTOS = YES_AGGRESSIVE;
				GCC_WARN_UNUSED_FUNCTION = YES;
				GCC_WARN_UNUSED_VARIABLE = YES;
				IPHONEOS_DEPLOYMENT_TARGET = 7.1;
				MTL_ENABLE_DEBUG_INFO = NO;
				SDKROOT = iphoneos;
				TARGETED_DEVICE_FAMILY = "1,2";
				VALIDATE_PRODUCT = YES;
			};
			name = Release;
		};
		102933CD1B3D613500758059 /* Debug */ = {
			isa = XCBuildConfiguration;
			buildSettings = {
				ASSETCATALOG_COMPILER_APPICON_NAME = AppIcon;
				CODE_SIGN_IDENTITY = "iPhone Developer";
				INFOPLIST_FILE = HCPSalesAid/Info.plist;
				IPHONEOS_DEPLOYMENT_TARGET = 7.1;
				LD_RUNPATH_SEARCH_PATHS = "$(inherited) @executable_path/Frameworks";
				PRODUCT_NAME = "$(TARGET_NAME)";
				PROVISIONING_PROFILE = "";
			};
			name = Debug;
		};
		102933CE1B3D613500758059 /* Release */ = {
			isa = XCBuildConfiguration;
			buildSettings = {
				ASSETCATALOG_COMPILER_APPICON_NAME = AppIcon;
				CODE_SIGN_IDENTITY = "iPhone Developer";
				INFOPLIST_FILE = HCPSalesAid/Info.plist;
				IPHONEOS_DEPLOYMENT_TARGET = 7.1;
				LD_RUNPATH_SEARCH_PATHS = "$(inherited) @executable_path/Frameworks";
				PRODUCT_NAME = "$(TARGET_NAME)";
				PROVISIONING_PROFILE = "";
			};
			name = Release;
		};
		102933D01B3D613500758059 /* Debug */ = {
			isa = XCBuildConfiguration;
			buildSettings = {
				BUNDLE_LOADER = "$(TEST_HOST)";
				FRAMEWORK_SEARCH_PATHS = (
					"$(SDKROOT)/Developer/Library/Frameworks",
					"$(inherited)",
				);
				GCC_PREPROCESSOR_DEFINITIONS = (
					"DEBUG=1",
					"$(inherited)",
				);
				INFOPLIST_FILE = HCPSalesAidTests/Info.plist;
				LD_RUNPATH_SEARCH_PATHS = "$(inherited) @executable_path/Frameworks @loader_path/Frameworks";
				PRODUCT_NAME = "$(TARGET_NAME)";
				TEST_HOST = "$(BUILT_PRODUCTS_DIR)/HCPSalesAid.app/HCPSalesAid";
			};
			name = Debug;
		};
		102933D11B3D613500758059 /* Release */ = {
			isa = XCBuildConfiguration;
			buildSettings = {
				BUNDLE_LOADER = "$(TEST_HOST)";
				FRAMEWORK_SEARCH_PATHS = (
					"$(SDKROOT)/Developer/Library/Frameworks",
					"$(inherited)",
				);
				INFOPLIST_FILE = HCPSalesAidTests/Info.plist;
				LD_RUNPATH_SEARCH_PATHS = "$(inherited) @executable_path/Frameworks @loader_path/Frameworks";
				PRODUCT_NAME = "$(TARGET_NAME)";
				TEST_HOST = "$(BUILT_PRODUCTS_DIR)/HCPSalesAid.app/HCPSalesAid";
			};
			name = Release;
		};
/* End XCBuildConfiguration section */

/* Begin XCConfigurationList section */
		102933A11B3D613500758059 /* Build configuration list for PBXProject "HCPSalesAid" */ = {
			isa = XCConfigurationList;
			buildConfigurations = (
				102933CA1B3D613500758059 /* Debug */,
				102933CB1B3D613500758059 /* Release */,
			);
			defaultConfigurationIsVisible = 0;
			defaultConfigurationName = Release;
		};
		102933CC1B3D613500758059 /* Build configuration list for PBXNativeTarget "HCPSalesAid" */ = {
			isa = XCConfigurationList;
			buildConfigurations = (
				102933CD1B3D613500758059 /* Debug */,
				102933CE1B3D613500758059 /* Release */,
			);
			defaultConfigurationIsVisible = 0;
			defaultConfigurationName = Release;
		};
		102933CF1B3D613500758059 /* Build configuration list for PBXNativeTarget "HCPSalesAidTests" */ = {
			isa = XCConfigurationList;
			buildConfigurations = (
				102933D01B3D613500758059 /* Debug */,
				102933D11B3D613500758059 /* Release */,
			);
			defaultConfigurationIsVisible = 0;
			defaultConfigurationName = Release;
		};
/* End XCConfigurationList section */
	};
	rootObject = 1029339E1B3D613500758059 /* Project object */;
}
